// !$*UTF8*$!
{
	archiveVersion = 1;
	classes = {
	};
	objectVersion = 46;
	objects = {

/* Begin PBXBuildFile section */
		00C302E51ABCBA2D00DB3ED1 /* libRCTActionSheet.a in Frameworks */ = {isa = PBXBuildFile; fileRef = 00C302AC1ABCB8CE00DB3ED1 /* libRCTActionSheet.a */; };
		00C302E71ABCBA2D00DB3ED1 /* libRCTGeolocation.a in Frameworks */ = {isa = PBXBuildFile; fileRef = 00C302BA1ABCB90400DB3ED1 /* libRCTGeolocation.a */; };
		00C302E81ABCBA2D00DB3ED1 /* libRCTImage.a in Frameworks */ = {isa = PBXBuildFile; fileRef = 00C302C01ABCB91800DB3ED1 /* libRCTImage.a */; };
		00C302E91ABCBA2D00DB3ED1 /* libRCTNetwork.a in Frameworks */ = {isa = PBXBuildFile; fileRef = 00C302DC1ABCB9D200DB3ED1 /* libRCTNetwork.a */; };
		00C302EA1ABCBA2D00DB3ED1 /* libRCTVibration.a in Frameworks */ = {isa = PBXBuildFile; fileRef = 00C302E41ABCB9EE00DB3ED1 /* libRCTVibration.a */; };
		133E29F31AD74F7200F7D852 /* libRCTLinking.a in Frameworks */ = {isa = PBXBuildFile; fileRef = 78C398B91ACF4ADC00677621 /* libRCTLinking.a */; };
		139105C61AF99C1200B5F7CC /* libRCTSettings.a in Frameworks */ = {isa = PBXBuildFile; fileRef = 139105C11AF99BAD00B5F7CC /* libRCTSettings.a */; };
		139FDEF61B0652A700C62182 /* libRCTWebSocket.a in Frameworks */ = {isa = PBXBuildFile; fileRef = 139FDEF41B06529B00C62182 /* libRCTWebSocket.a */; };
		13B07FBC1A68108700A75B9A /* AppDelegate.m in Sources */ = {isa = PBXBuildFile; fileRef = 13B07FB01A68108700A75B9A /* AppDelegate.m */; };
		13B07FC11A68108700A75B9A /* main.m in Sources */ = {isa = PBXBuildFile; fileRef = 13B07FB71A68108700A75B9A /* main.m */; };
		146834051AC3E58100842450 /* libReact.a in Frameworks */ = {isa = PBXBuildFile; fileRef = 146834041AC3E56700842450 /* libReact.a */; };
		832341BD1AAA6AB300B99B32 /* libRCTText.a in Frameworks */ = {isa = PBXBuildFile; fileRef = 832341B51AAA6A8300B99B32 /* libRCTText.a */; };
		870F74001C60DFC500A237F5 /* libBVLinearGradient.a in Frameworks */ = {isa = PBXBuildFile; fileRef = 870F73F11C60DFAB00A237F5 /* libBVLinearGradient.a */; };
		870F74011C60DFD000A237F5 /* libBVLinearGradient.a in Frameworks */ = {isa = PBXBuildFile; fileRef = 870F73F11C60DFAB00A237F5 /* libBVLinearGradient.a */; };
		870F741F1C627BB800A237F5 /* Roboto-Light.ttf in Resources */ = {isa = PBXBuildFile; fileRef = 870F741E1C627BB800A237F5 /* Roboto-Light.ttf */; };
		870F74201C627BB800A237F5 /* Roboto-Light.ttf in Resources */ = {isa = PBXBuildFile; fileRef = 870F741E1C627BB800A237F5 /* Roboto-Light.ttf */; };
		870F74441C6360DD00A237F5 /* UIKit.framework in Frameworks */ = {isa = PBXBuildFile; fileRef = 87F664611C51251100BD0B79 /* UIKit.framework */; };
		870F74451C6360E700A237F5 /* UIKit.framework in Frameworks */ = {isa = PBXBuildFile; fileRef = 87F664611C51251100BD0B79 /* UIKit.framework */; };
		871BB8B21C5A7E6E00C13BAC /* libRCTVideo.a in Frameworks */ = {isa = PBXBuildFile; fileRef = 871BB8AD1C5A7B3C00C13BAC /* libRCTVideo.a */; };
		871BB8B31C5A7E7700C13BAC /* libRCTVideo.a in Frameworks */ = {isa = PBXBuildFile; fileRef = 871BB8AD1C5A7B3C00C13BAC /* libRCTVideo.a */; };
		871BB8B71C5A80CF00C13BAC /* Launch.mp4 in Resources */ = {isa = PBXBuildFile; fileRef = 871BB8B61C5A80CF00C13BAC /* Launch.mp4 */; };
		871BB8B81C5A80CF00C13BAC /* Launch.mp4 in Resources */ = {isa = PBXBuildFile; fileRef = 871BB8B61C5A80CF00C13BAC /* Launch.mp4 */; };
		871BB8BA1C5A842600C13BAC /* Media.xcassets in Resources */ = {isa = PBXBuildFile; fileRef = 871BB8B91C5A842600C13BAC /* Media.xcassets */; };
		871BB8BB1C5A842600C13BAC /* Media.xcassets in Resources */ = {isa = PBXBuildFile; fileRef = 871BB8B91C5A842600C13BAC /* Media.xcassets */; };
		871BB8C01C5A8A6200C13BAC /* Launch@2x.png in Resources */ = {isa = PBXBuildFile; fileRef = 871BB8BF1C5A8A6200C13BAC /* Launch@2x.png */; };
		871BB8C11C5A8A6200C13BAC /* Launch@2x.png in Resources */ = {isa = PBXBuildFile; fileRef = 871BB8BF1C5A8A6200C13BAC /* Launch@2x.png */; };
		87349FBE1C514C1B00D33736 /* ChatUITests.swift in Sources */ = {isa = PBXBuildFile; fileRef = 87349FBD1C514C1B00D33736 /* ChatUITests.swift */; };
		87493F0C1C4658D60071C680 /* unzip.c in Sources */ = {isa = PBXBuildFile; fileRef = 876EFF2B1C43E76A00B2DA2F /* unzip.c */; };
		87493F0D1C4658D60071C680 /* AppDelegate.m in Sources */ = {isa = PBXBuildFile; fileRef = 13B07FB01A68108700A75B9A /* AppDelegate.m */; };
		87493F0E1C4658D60071C680 /* main.m in Sources */ = {isa = PBXBuildFile; fileRef = 13B07FB71A68108700A75B9A /* main.m */; };
		87493F0F1C4658D60071C680 /* Shared.m in Sources */ = {isa = PBXBuildFile; fileRef = 876EFF321C43E76A00B2DA2F /* Shared.m */; };
		87493F101C4658D60071C680 /* ioapi.c in Sources */ = {isa = PBXBuildFile; fileRef = 876EFF271C43E76A00B2DA2F /* ioapi.c */; };
		87493F111C4658D60071C680 /* zip.c in Sources */ = {isa = PBXBuildFile; fileRef = 876EFF2D1C43E76A00B2DA2F /* zip.c */; };
		87493F121C4658D60071C680 /* AH_SSZipArchive.m in Sources */ = {isa = PBXBuildFile; fileRef = 876EFF241C43E76A00B2DA2F /* AH_SSZipArchive.m */; };
		87493F131C4658D60071C680 /* mztools.c in Sources */ = {isa = PBXBuildFile; fileRef = 876EFF291C43E76A00B2DA2F /* mztools.c */; };
		87493F141C4658D60071C680 /* RemoteBundle.m in Sources */ = {isa = PBXBuildFile; fileRef = 876EFF301C43E76A00B2DA2F /* RemoteBundle.m */; };
		87493F161C4658D60071C680 /* Security.framework in Frameworks */ = {isa = PBXBuildFile; fileRef = 876EFF031C40076000B2DA2F /* Security.framework */; };
		87493F171C4658D60071C680 /* libz.tbd in Frameworks */ = {isa = PBXBuildFile; fileRef = 87F1855D1C3C2FAA008A09BB /* libz.tbd */; };
		87493F181C4658D60071C680 /* SystemConfiguration.framework in Frameworks */ = {isa = PBXBuildFile; fileRef = 87F1855B1C3C2F9F008A09BB /* SystemConfiguration.framework */; };
		87493F191C4658D60071C680 /* libsqlite3.tbd in Frameworks */ = {isa = PBXBuildFile; fileRef = 87D27A4A1C22FD5B00C3B039 /* libsqlite3.tbd */; };
		87493F1A1C4658D60071C680 /* libSQLite.a in Frameworks */ = {isa = PBXBuildFile; fileRef = 87D27A481C22FA6400C3B039 /* libSQLite.a */; };
		87493F1B1C4658D60071C680 /* libxml2.tbd in Frameworks */ = {isa = PBXBuildFile; fileRef = 87F5A66E1C1F3711008AC085 /* libxml2.tbd */; };
		87493F1C1C4658D60071C680 /* libresolv.tbd in Frameworks */ = {isa = PBXBuildFile; fileRef = 87F5A66C1C1F3707008AC085 /* libresolv.tbd */; };
		87493F1E1C4658D60071C680 /* libReact.a in Frameworks */ = {isa = PBXBuildFile; fileRef = 146834041AC3E56700842450 /* libReact.a */; };
		87493F1F1C4658D60071C680 /* libRCTActionSheet.a in Frameworks */ = {isa = PBXBuildFile; fileRef = 00C302AC1ABCB8CE00DB3ED1 /* libRCTActionSheet.a */; };
		87493F201C4658D60071C680 /* libRCTGeolocation.a in Frameworks */ = {isa = PBXBuildFile; fileRef = 00C302BA1ABCB90400DB3ED1 /* libRCTGeolocation.a */; };
		87493F211C4658D60071C680 /* libRCTImage.a in Frameworks */ = {isa = PBXBuildFile; fileRef = 00C302C01ABCB91800DB3ED1 /* libRCTImage.a */; };
		87493F221C4658D60071C680 /* libRCTLinking.a in Frameworks */ = {isa = PBXBuildFile; fileRef = 78C398B91ACF4ADC00677621 /* libRCTLinking.a */; };
		87493F231C4658D60071C680 /* libRCTNetwork.a in Frameworks */ = {isa = PBXBuildFile; fileRef = 00C302DC1ABCB9D200DB3ED1 /* libRCTNetwork.a */; };
		87493F241C4658D60071C680 /* libRCTSettings.a in Frameworks */ = {isa = PBXBuildFile; fileRef = 139105C11AF99BAD00B5F7CC /* libRCTSettings.a */; };
		87493F251C4658D60071C680 /* libRCTText.a in Frameworks */ = {isa = PBXBuildFile; fileRef = 832341B51AAA6A8300B99B32 /* libRCTText.a */; };
		87493F261C4658D60071C680 /* libRCTVibration.a in Frameworks */ = {isa = PBXBuildFile; fileRef = 00C302E41ABCB9EE00DB3ED1 /* libRCTVibration.a */; };
		87493F271C4658D60071C680 /* libRCTWebSocket.a in Frameworks */ = {isa = PBXBuildFile; fileRef = 139FDEF41B06529B00C62182 /* libRCTWebSocket.a */; };
		87493F2B1C4658D60071C680 /* public.pem in Resources */ = {isa = PBXBuildFile; fileRef = 876EFF1E1C43D00800B2DA2F /* public.pem */; };
		8761A88C1C4EE6090061DCB5 /* libRNXMPP.a in Frameworks */ = {isa = PBXBuildFile; fileRef = 8761A88B1C4EE5B10061DCB5 /* libRNXMPP.a */; };
		8761A88D1C4EE6E50061DCB5 /* libRNXMPP.a in Frameworks */ = {isa = PBXBuildFile; fileRef = 8761A88B1C4EE5B10061DCB5 /* libRNXMPP.a */; };
		876EFF041C40076000B2DA2F /* Security.framework in Frameworks */ = {isa = PBXBuildFile; fileRef = 876EFF031C40076000B2DA2F /* Security.framework */; };
		876EFF1F1C43D00800B2DA2F /* public.pem in Resources */ = {isa = PBXBuildFile; fileRef = 876EFF1E1C43D00800B2DA2F /* public.pem */; };
		876EFF331C43E76A00B2DA2F /* AH_SSZipArchive.m in Sources */ = {isa = PBXBuildFile; fileRef = 876EFF241C43E76A00B2DA2F /* AH_SSZipArchive.m */; };
		876EFF341C43E76A00B2DA2F /* ioapi.c in Sources */ = {isa = PBXBuildFile; fileRef = 876EFF271C43E76A00B2DA2F /* ioapi.c */; };
		876EFF351C43E76A00B2DA2F /* mztools.c in Sources */ = {isa = PBXBuildFile; fileRef = 876EFF291C43E76A00B2DA2F /* mztools.c */; };
		876EFF361C43E76A00B2DA2F /* unzip.c in Sources */ = {isa = PBXBuildFile; fileRef = 876EFF2B1C43E76A00B2DA2F /* unzip.c */; };
		876EFF371C43E76A00B2DA2F /* zip.c in Sources */ = {isa = PBXBuildFile; fileRef = 876EFF2D1C43E76A00B2DA2F /* zip.c */; };
		876EFF381C43E76A00B2DA2F /* RemoteBundle.m in Sources */ = {isa = PBXBuildFile; fileRef = 876EFF301C43E76A00B2DA2F /* RemoteBundle.m */; };
		876EFF391C43E76A00B2DA2F /* Shared.m in Sources */ = {isa = PBXBuildFile; fileRef = 876EFF321C43E76A00B2DA2F /* Shared.m */; };
		87C5DE891C5F8D0D00B07B68 /* UIImage+SplashImage.m in Sources */ = {isa = PBXBuildFile; fileRef = 87C5DE881C5F8D0D00B07B68 /* UIImage+SplashImage.m */; };
		87C5DE8A1C5F8D0D00B07B68 /* UIImage+SplashImage.m in Sources */ = {isa = PBXBuildFile; fileRef = 87C5DE881C5F8D0D00B07B68 /* UIImage+SplashImage.m */; };
		87D27A491C22FA6F00C3B039 /* libSQLite.a in Frameworks */ = {isa = PBXBuildFile; fileRef = 87D27A481C22FA6400C3B039 /* libSQLite.a */; };
		87D27A4B1C22FD5B00C3B039 /* libsqlite3.tbd in Frameworks */ = {isa = PBXBuildFile; fileRef = 87D27A4A1C22FD5B00C3B039 /* libsqlite3.tbd */; };
		87F1855C1C3C2F9F008A09BB /* SystemConfiguration.framework in Frameworks */ = {isa = PBXBuildFile; fileRef = 87F1855B1C3C2F9F008A09BB /* SystemConfiguration.framework */; };
		87F1855E1C3C2FAA008A09BB /* libz.tbd in Frameworks */ = {isa = PBXBuildFile; fileRef = 87F1855D1C3C2FAA008A09BB /* libz.tbd */; };
		87F2EEA81C5FC1E900FD21B5 /* Roboto-Regular.ttf in Resources */ = {isa = PBXBuildFile; fileRef = 87F2EEA71C5FC1E900FD21B5 /* Roboto-Regular.ttf */; };
		87F2EEA91C5FC1E900FD21B5 /* Roboto-Regular.ttf in Resources */ = {isa = PBXBuildFile; fileRef = 87F2EEA71C5FC1E900FD21B5 /* Roboto-Regular.ttf */; };
		87F5A66D1C1F3707008AC085 /* libresolv.tbd in Frameworks */ = {isa = PBXBuildFile; fileRef = 87F5A66C1C1F3707008AC085 /* libresolv.tbd */; };
		87F5A66F1C1F3711008AC085 /* libxml2.tbd in Frameworks */ = {isa = PBXBuildFile; fileRef = 87F5A66E1C1F3711008AC085 /* libxml2.tbd */; };
		87FFFD5E1C6CDC0F000A71AA /* Fabric.framework in Frameworks */ = {isa = PBXBuildFile; fileRef = 87FFFD5A1C6CDC0F000A71AA /* Fabric.framework */; };
		87FFFD5F1C6CDC10000A71AA /* Fabric.framework in Frameworks */ = {isa = PBXBuildFile; fileRef = 87FFFD5A1C6CDC0F000A71AA /* Fabric.framework */; };
		87FFFD601C6CDC10000A71AA /* DigitsKit.framework in Frameworks */ = {isa = PBXBuildFile; fileRef = 87FFFD5B1C6CDC0F000A71AA /* DigitsKit.framework */; };
		87FFFD611C6CDC10000A71AA /* DigitsKit.framework in Frameworks */ = {isa = PBXBuildFile; fileRef = 87FFFD5B1C6CDC0F000A71AA /* DigitsKit.framework */; };
		87FFFD621C6CDC10000A71AA /* DigitsKitResources.bundle in Resources */ = {isa = PBXBuildFile; fileRef = 87FFFD5C1C6CDC0F000A71AA /* DigitsKitResources.bundle */; };
		87FFFD631C6CDC10000A71AA /* DigitsKitResources.bundle in Resources */ = {isa = PBXBuildFile; fileRef = 87FFFD5C1C6CDC0F000A71AA /* DigitsKitResources.bundle */; };
		87FFFD641C6CDC10000A71AA /* TwitterCore.framework in Frameworks */ = {isa = PBXBuildFile; fileRef = 87FFFD5D1C6CDC0F000A71AA /* TwitterCore.framework */; };
		87FFFD651C6CDC10000A71AA /* TwitterCore.framework in Frameworks */ = {isa = PBXBuildFile; fileRef = 87FFFD5D1C6CDC0F000A71AA /* TwitterCore.framework */; };
		87FFFD691C6CDC4F000A71AA /* Mapbox.framework in Frameworks */ = {isa = PBXBuildFile; fileRef = 87FFFD661C6CDC4F000A71AA /* Mapbox.framework */; };
		87FFFD6A1C6CDC4F000A71AA /* Mapbox.framework in Frameworks */ = {isa = PBXBuildFile; fileRef = 87FFFD661C6CDC4F000A71AA /* Mapbox.framework */; };
		87FFFD6B1C6CDC4F000A71AA /* Mapbox.bundle in Resources */ = {isa = PBXBuildFile; fileRef = 87FFFD671C6CDC4F000A71AA /* Mapbox.bundle */; };
		87FFFD6C1C6CDC4F000A71AA /* Mapbox.bundle in Resources */ = {isa = PBXBuildFile; fileRef = 87FFFD671C6CDC4F000A71AA /* Mapbox.bundle */; };
		87FFFD6D1C6CDC4F000A71AA /* Settings.bundle in Resources */ = {isa = PBXBuildFile; fileRef = 87FFFD681C6CDC4F000A71AA /* Settings.bundle */; };
		87FFFD6E1C6CDC4F000A71AA /* Settings.bundle in Resources */ = {isa = PBXBuildFile; fileRef = 87FFFD681C6CDC4F000A71AA /* Settings.bundle */; };
		87FFFD701C6CDCBD000A71AA /* Roboto-Medium.ttf in Resources */ = {isa = PBXBuildFile; fileRef = 87FFFD6F1C6CDCBD000A71AA /* Roboto-Medium.ttf */; };
		87FFFD711C6CDCBD000A71AA /* Roboto-Medium.ttf in Resources */ = {isa = PBXBuildFile; fileRef = 87FFFD6F1C6CDCBD000A71AA /* Roboto-Medium.ttf */; };
		87FFFD751C6CDCCF000A71AA /* RNFabricDigitsManager.m in Sources */ = {isa = PBXBuildFile; fileRef = 87FFFD741C6CDCCF000A71AA /* RNFabricDigitsManager.m */; };
		87FFFD761C6CDCCF000A71AA /* RNFabricDigitsManager.m in Sources */ = {isa = PBXBuildFile; fileRef = 87FFFD741C6CDCCF000A71AA /* RNFabricDigitsManager.m */; };
/* End PBXBuildFile section */

/* Begin PBXContainerItemProxy section */
		00C302AB1ABCB8CE00DB3ED1 /* PBXContainerItemProxy */ = {
			isa = PBXContainerItemProxy;
			containerPortal = 00C302A71ABCB8CE00DB3ED1 /* RCTActionSheet.xcodeproj */;
			proxyType = 2;
			remoteGlobalIDString = 134814201AA4EA6300B7C361;
			remoteInfo = RCTActionSheet;
		};
		00C302B91ABCB90400DB3ED1 /* PBXContainerItemProxy */ = {
			isa = PBXContainerItemProxy;
			containerPortal = 00C302B51ABCB90400DB3ED1 /* RCTGeolocation.xcodeproj */;
			proxyType = 2;
			remoteGlobalIDString = 134814201AA4EA6300B7C361;
			remoteInfo = RCTGeolocation;
		};
		00C302BF1ABCB91800DB3ED1 /* PBXContainerItemProxy */ = {
			isa = PBXContainerItemProxy;
			containerPortal = 00C302BB1ABCB91800DB3ED1 /* RCTImage.xcodeproj */;
			proxyType = 2;
			remoteGlobalIDString = 58B5115D1A9E6B3D00147676;
			remoteInfo = RCTImage;
		};
		00C302DB1ABCB9D200DB3ED1 /* PBXContainerItemProxy */ = {
			isa = PBXContainerItemProxy;
			containerPortal = 00C302D31ABCB9D200DB3ED1 /* RCTNetwork.xcodeproj */;
			proxyType = 2;
			remoteGlobalIDString = 58B511DB1A9E6C8500147676;
			remoteInfo = RCTNetwork;
		};
		00C302E31ABCB9EE00DB3ED1 /* PBXContainerItemProxy */ = {
			isa = PBXContainerItemProxy;
			containerPortal = 00C302DF1ABCB9EE00DB3ED1 /* RCTVibration.xcodeproj */;
			proxyType = 2;
			remoteGlobalIDString = 832C81801AAF6DEF007FA2F7;
			remoteInfo = RCTVibration;
		};
		139105C01AF99BAD00B5F7CC /* PBXContainerItemProxy */ = {
			isa = PBXContainerItemProxy;
			containerPortal = 139105B61AF99BAD00B5F7CC /* RCTSettings.xcodeproj */;
			proxyType = 2;
			remoteGlobalIDString = 134814201AA4EA6300B7C361;
			remoteInfo = RCTSettings;
		};
		139FDEF31B06529B00C62182 /* PBXContainerItemProxy */ = {
			isa = PBXContainerItemProxy;
			containerPortal = 139FDEE61B06529A00C62182 /* RCTWebSocket.xcodeproj */;
			proxyType = 2;
			remoteGlobalIDString = 3C86DF461ADF2C930047B81A;
			remoteInfo = RCTWebSocket;
		};
		146834031AC3E56700842450 /* PBXContainerItemProxy */ = {
			isa = PBXContainerItemProxy;
			containerPortal = 146833FF1AC3E56700842450 /* React.xcodeproj */;
			proxyType = 2;
			remoteGlobalIDString = 83CBBA2E1A601D0E00E9B192;
			remoteInfo = React;
		};
		78C398B81ACF4ADC00677621 /* PBXContainerItemProxy */ = {
			isa = PBXContainerItemProxy;
			containerPortal = 78C398B01ACF4ADC00677621 /* RCTLinking.xcodeproj */;
			proxyType = 2;
			remoteGlobalIDString = 134814201AA4EA6300B7C361;
			remoteInfo = RCTLinking;
		};
		832341B41AAA6A8300B99B32 /* PBXContainerItemProxy */ = {
			isa = PBXContainerItemProxy;
			containerPortal = 832341B01AAA6A8300B99B32 /* RCTText.xcodeproj */;
			proxyType = 2;
			remoteGlobalIDString = 58B5119B1A9E6C1200147676;
			remoteInfo = RCTText;
		};
		870F73F01C60DFAB00A237F5 /* PBXContainerItemProxy */ = {
			isa = PBXContainerItemProxy;
			containerPortal = 870F73EC1C60DFAB00A237F5 /* BVLinearGradient.xcodeproj */;
			proxyType = 2;
			remoteGlobalIDString = 134814201AA4EA6300B7C361;
			remoteInfo = BVLinearGradient;
		};
		871BB8AC1C5A7B3C00C13BAC /* PBXContainerItemProxy */ = {
			isa = PBXContainerItemProxy;
			containerPortal = 871BB89F1C5A7B3C00C13BAC /* RCTVideo.xcodeproj */;
			proxyType = 2;
			remoteGlobalIDString = 134814201AA4EA6300B7C361;
			remoteInfo = RCTVideo;
		};
		87349FC01C514C1B00D33736 /* PBXContainerItemProxy */ = {
			isa = PBXContainerItemProxy;
			containerPortal = 83CBB9F71A601CBA00E9B192 /* Project object */;
			proxyType = 1;
			remoteGlobalIDString = 13B07F861A680F5B00A75B9A;
			remoteInfo = Chat;
		};
		8761A88A1C4EE5B10061DCB5 /* PBXContainerItemProxy */ = {
			isa = PBXContainerItemProxy;
			containerPortal = 8761A8851C4EE5B10061DCB5 /* RNXMPP.xcodeproj */;
			proxyType = 2;
			remoteGlobalIDString = 873769951B7CD6E900F7C3C2;
			remoteInfo = RNXMPP;
		};
		87D27A471C22FA6400C3B039 /* PBXContainerItemProxy */ = {
			isa = PBXContainerItemProxy;
			containerPortal = 87D27A381C22FA6400C3B039 /* SQLite.xcodeproj */;
			proxyType = 2;
			remoteGlobalIDString = E23D7B471ACEFE2A00C59171;
			remoteInfo = SQLite;
		};
		87F664111C50033C00BD0B79 /* PBXContainerItemProxy */ = {
			isa = PBXContainerItemProxy;
			containerPortal = 87F664071C50033C00BD0B79 /* RCTTest.xcodeproj */;
			proxyType = 2;
			remoteGlobalIDString = 580C376F1AB104AF0015E709;
			remoteInfo = RCTTest;
		};
/* End PBXContainerItemProxy section */

/* Begin PBXFileReference section */
		00C302A71ABCB8CE00DB3ED1 /* RCTActionSheet.xcodeproj */ = {isa = PBXFileReference; lastKnownFileType = "wrapper.pb-project"; name = RCTActionSheet.xcodeproj; path = "../node_modules/react-native/Libraries/ActionSheetIOS/RCTActionSheet.xcodeproj"; sourceTree = "<group>"; };
		00C302B51ABCB90400DB3ED1 /* RCTGeolocation.xcodeproj */ = {isa = PBXFileReference; lastKnownFileType = "wrapper.pb-project"; name = RCTGeolocation.xcodeproj; path = "../node_modules/react-native/Libraries/Geolocation/RCTGeolocation.xcodeproj"; sourceTree = "<group>"; };
		00C302BB1ABCB91800DB3ED1 /* RCTImage.xcodeproj */ = {isa = PBXFileReference; lastKnownFileType = "wrapper.pb-project"; name = RCTImage.xcodeproj; path = "../node_modules/react-native/Libraries/Image/RCTImage.xcodeproj"; sourceTree = "<group>"; };
		00C302D31ABCB9D200DB3ED1 /* RCTNetwork.xcodeproj */ = {isa = PBXFileReference; lastKnownFileType = "wrapper.pb-project"; name = RCTNetwork.xcodeproj; path = "../node_modules/react-native/Libraries/Network/RCTNetwork.xcodeproj"; sourceTree = "<group>"; };
		00C302DF1ABCB9EE00DB3ED1 /* RCTVibration.xcodeproj */ = {isa = PBXFileReference; lastKnownFileType = "wrapper.pb-project"; name = RCTVibration.xcodeproj; path = "../node_modules/react-native/Libraries/Vibration/RCTVibration.xcodeproj"; sourceTree = "<group>"; };
		139105B61AF99BAD00B5F7CC /* RCTSettings.xcodeproj */ = {isa = PBXFileReference; lastKnownFileType = "wrapper.pb-project"; name = RCTSettings.xcodeproj; path = "../node_modules/react-native/Libraries/Settings/RCTSettings.xcodeproj"; sourceTree = "<group>"; };
		139FDEE61B06529A00C62182 /* RCTWebSocket.xcodeproj */ = {isa = PBXFileReference; lastKnownFileType = "wrapper.pb-project"; name = RCTWebSocket.xcodeproj; path = "../node_modules/react-native/Libraries/WebSocket/RCTWebSocket.xcodeproj"; sourceTree = "<group>"; };
		13B07F961A680F5B00A75B9A /* tinyrobot.app */ = {isa = PBXFileReference; explicitFileType = wrapper.application; includeInIndex = 0; path = tinyrobot.app; sourceTree = BUILT_PRODUCTS_DIR; };
		13B07FAF1A68108700A75B9A /* AppDelegate.h */ = {isa = PBXFileReference; fileEncoding = 4; lastKnownFileType = sourcecode.c.h; name = AppDelegate.h; path = Chat/AppDelegate.h; sourceTree = "<group>"; };
		13B07FB01A68108700A75B9A /* AppDelegate.m */ = {isa = PBXFileReference; fileEncoding = 4; lastKnownFileType = sourcecode.c.objc; name = AppDelegate.m; path = Chat/AppDelegate.m; sourceTree = "<group>"; };
		13B07FB61A68108700A75B9A /* Info.plist */ = {isa = PBXFileReference; fileEncoding = 4; lastKnownFileType = text.plist.xml; name = Info.plist; path = Chat/Info.plist; sourceTree = "<group>"; };
		13B07FB71A68108700A75B9A /* main.m */ = {isa = PBXFileReference; fileEncoding = 4; lastKnownFileType = sourcecode.c.objc; name = main.m; path = Chat/main.m; sourceTree = "<group>"; };
		146833FF1AC3E56700842450 /* React.xcodeproj */ = {isa = PBXFileReference; lastKnownFileType = "wrapper.pb-project"; name = React.xcodeproj; path = "../node_modules/react-native/React/React.xcodeproj"; sourceTree = "<group>"; };
		78C398B01ACF4ADC00677621 /* RCTLinking.xcodeproj */ = {isa = PBXFileReference; lastKnownFileType = "wrapper.pb-project"; name = RCTLinking.xcodeproj; path = "../node_modules/react-native/Libraries/LinkingIOS/RCTLinking.xcodeproj"; sourceTree = "<group>"; };
		832341B01AAA6A8300B99B32 /* RCTText.xcodeproj */ = {isa = PBXFileReference; lastKnownFileType = "wrapper.pb-project"; name = RCTText.xcodeproj; path = "../node_modules/react-native/Libraries/Text/RCTText.xcodeproj"; sourceTree = "<group>"; };
		870F73EC1C60DFAB00A237F5 /* BVLinearGradient.xcodeproj */ = {isa = PBXFileReference; lastKnownFileType = "wrapper.pb-project"; name = BVLinearGradient.xcodeproj; path = "../node_modules/react-native-linear-gradient/BVLinearGradient.xcodeproj"; sourceTree = "<group>"; };
		870F741E1C627BB800A237F5 /* Roboto-Light.ttf */ = {isa = PBXFileReference; lastKnownFileType = file; path = "Roboto-Light.ttf"; sourceTree = "<group>"; };
		871BB89F1C5A7B3C00C13BAC /* RCTVideo.xcodeproj */ = {isa = PBXFileReference; lastKnownFileType = "wrapper.pb-project"; name = RCTVideo.xcodeproj; path = "../node_modules/react-native-video/RCTVideo.xcodeproj"; sourceTree = "<group>"; };
		871BB8B61C5A80CF00C13BAC /* Launch.mp4 */ = {isa = PBXFileReference; lastKnownFileType = file; path = Launch.mp4; sourceTree = "<group>"; };
		871BB8B91C5A842600C13BAC /* Media.xcassets */ = {isa = PBXFileReference; lastKnownFileType = folder.assetcatalog; name = Media.xcassets; path = Chat/Media.xcassets; sourceTree = SOURCE_ROOT; };
		871BB8BF1C5A8A6200C13BAC /* Launch@2x.png */ = {isa = PBXFileReference; lastKnownFileType = image.png; name = "Launch@2x.png"; path = "../../images/Launch@2x.png"; sourceTree = "<group>"; };
		87349FBB1C514C1B00D33736 /* ChatUITests.xctest */ = {isa = PBXFileReference; explicitFileType = wrapper.cfbundle; includeInIndex = 0; path = ChatUITests.xctest; sourceTree = BUILT_PRODUCTS_DIR; };
		87349FBD1C514C1B00D33736 /* ChatUITests.swift */ = {isa = PBXFileReference; lastKnownFileType = sourcecode.swift; path = ChatUITests.swift; sourceTree = "<group>"; };
		87349FBF1C514C1B00D33736 /* Info.plist */ = {isa = PBXFileReference; lastKnownFileType = text.plist.xml; path = Info.plist; sourceTree = "<group>"; };
		87493F301C4658D60071C680 /* tinyrobot.app */ = {isa = PBXFileReference; explicitFileType = wrapper.application; includeInIndex = 0; path = tinyrobot.app; sourceTree = BUILT_PRODUCTS_DIR; };
		87493F311C4658D60071C680 /* Chat copy-Info.plist */ = {isa = PBXFileReference; lastKnownFileType = text.plist.xml; name = "Chat copy-Info.plist"; path = "/Users/aksonov/Documents/rn-chat/ios/Chat copy-Info.plist"; sourceTree = "<absolute>"; };
		8761A8851C4EE5B10061DCB5 /* RNXMPP.xcodeproj */ = {isa = PBXFileReference; lastKnownFileType = "wrapper.pb-project"; name = RNXMPP.xcodeproj; path = "../node_modules/react-native-xmpp/RNXMPP.xcodeproj"; sourceTree = "<group>"; };
		876EFF031C40076000B2DA2F /* Security.framework */ = {isa = PBXFileReference; lastKnownFileType = wrapper.framework; name = Security.framework; path = System/Library/Frameworks/Security.framework; sourceTree = SDKROOT; };
		876EFF1E1C43D00800B2DA2F /* public.pem */ = {isa = PBXFileReference; fileEncoding = 4; lastKnownFileType = text; name = public.pem; path = ../keys/public.pem; sourceTree = "<group>"; };
		876EFF231C43E76A00B2DA2F /* AH_SSZipArchive.h */ = {isa = PBXFileReference; fileEncoding = 4; lastKnownFileType = sourcecode.c.h; path = AH_SSZipArchive.h; sourceTree = "<group>"; };
		876EFF241C43E76A00B2DA2F /* AH_SSZipArchive.m */ = {isa = PBXFileReference; fileEncoding = 4; lastKnownFileType = sourcecode.c.objc; path = AH_SSZipArchive.m; sourceTree = "<group>"; };
		876EFF261C43E76A00B2DA2F /* crypt.h */ = {isa = PBXFileReference; fileEncoding = 4; lastKnownFileType = sourcecode.c.h; path = crypt.h; sourceTree = "<group>"; };
		876EFF271C43E76A00B2DA2F /* ioapi.c */ = {isa = PBXFileReference; fileEncoding = 4; lastKnownFileType = sourcecode.c.c; path = ioapi.c; sourceTree = "<group>"; };
		876EFF281C43E76A00B2DA2F /* ioapi.h */ = {isa = PBXFileReference; fileEncoding = 4; lastKnownFileType = sourcecode.c.h; path = ioapi.h; sourceTree = "<group>"; };
		876EFF291C43E76A00B2DA2F /* mztools.c */ = {isa = PBXFileReference; fileEncoding = 4; lastKnownFileType = sourcecode.c.c; path = mztools.c; sourceTree = "<group>"; };
		876EFF2A1C43E76A00B2DA2F /* mztools.h */ = {isa = PBXFileReference; fileEncoding = 4; lastKnownFileType = sourcecode.c.h; path = mztools.h; sourceTree = "<group>"; };
		876EFF2B1C43E76A00B2DA2F /* unzip.c */ = {isa = PBXFileReference; fileEncoding = 4; lastKnownFileType = sourcecode.c.c; path = unzip.c; sourceTree = "<group>"; };
		876EFF2C1C43E76A00B2DA2F /* unzip.h */ = {isa = PBXFileReference; fileEncoding = 4; lastKnownFileType = sourcecode.c.h; path = unzip.h; sourceTree = "<group>"; };
		876EFF2D1C43E76A00B2DA2F /* zip.c */ = {isa = PBXFileReference; fileEncoding = 4; lastKnownFileType = sourcecode.c.c; path = zip.c; sourceTree = "<group>"; };
		876EFF2E1C43E76A00B2DA2F /* zip.h */ = {isa = PBXFileReference; fileEncoding = 4; lastKnownFileType = sourcecode.c.h; path = zip.h; sourceTree = "<group>"; };
		876EFF2F1C43E76A00B2DA2F /* RemoteBundle.h */ = {isa = PBXFileReference; fileEncoding = 4; lastKnownFileType = sourcecode.c.h; path = RemoteBundle.h; sourceTree = "<group>"; };
		876EFF301C43E76A00B2DA2F /* RemoteBundle.m */ = {isa = PBXFileReference; fileEncoding = 4; lastKnownFileType = sourcecode.c.objc; path = RemoteBundle.m; sourceTree = "<group>"; };
		876EFF311C43E76A00B2DA2F /* Shared.h */ = {isa = PBXFileReference; fileEncoding = 4; lastKnownFileType = sourcecode.c.h; path = Shared.h; sourceTree = "<group>"; };
		876EFF321C43E76A00B2DA2F /* Shared.m */ = {isa = PBXFileReference; fileEncoding = 4; lastKnownFileType = sourcecode.c.objc; path = Shared.m; sourceTree = "<group>"; };
		87C5DE871C5F8D0D00B07B68 /* UIImage+SplashImage.h */ = {isa = PBXFileReference; fileEncoding = 4; lastKnownFileType = sourcecode.c.h; path = "UIImage+SplashImage.h"; sourceTree = "<group>"; };
		87C5DE881C5F8D0D00B07B68 /* UIImage+SplashImage.m */ = {isa = PBXFileReference; fileEncoding = 4; lastKnownFileType = sourcecode.c.objc; path = "UIImage+SplashImage.m"; sourceTree = "<group>"; };
		87D27A381C22FA6400C3B039 /* SQLite.xcodeproj */ = {isa = PBXFileReference; lastKnownFileType = "wrapper.pb-project"; name = SQLite.xcodeproj; path = "../node_modules/react-native-sqlite-storage/src/ios/SQLite.xcodeproj"; sourceTree = "<group>"; };
		87D27A4A1C22FD5B00C3B039 /* libsqlite3.tbd */ = {isa = PBXFileReference; lastKnownFileType = "sourcecode.text-based-dylib-definition"; name = libsqlite3.tbd; path = usr/lib/libsqlite3.tbd; sourceTree = SDKROOT; };
		87F1855B1C3C2F9F008A09BB /* SystemConfiguration.framework */ = {isa = PBXFileReference; lastKnownFileType = wrapper.framework; name = SystemConfiguration.framework; path = System/Library/Frameworks/SystemConfiguration.framework; sourceTree = SDKROOT; };
		87F1855D1C3C2FAA008A09BB /* libz.tbd */ = {isa = PBXFileReference; lastKnownFileType = "sourcecode.text-based-dylib-definition"; name = libz.tbd; path = usr/lib/libz.tbd; sourceTree = SDKROOT; };
		87F2EEA71C5FC1E900FD21B5 /* Roboto-Regular.ttf */ = {isa = PBXFileReference; lastKnownFileType = file; path = "Roboto-Regular.ttf"; sourceTree = "<group>"; };
		87F5A66C1C1F3707008AC085 /* libresolv.tbd */ = {isa = PBXFileReference; lastKnownFileType = "sourcecode.text-based-dylib-definition"; name = libresolv.tbd; path = usr/lib/libresolv.tbd; sourceTree = SDKROOT; };
		87F5A66E1C1F3711008AC085 /* libxml2.tbd */ = {isa = PBXFileReference; lastKnownFileType = "sourcecode.text-based-dylib-definition"; name = libxml2.tbd; path = usr/lib/libxml2.tbd; sourceTree = SDKROOT; };
		87F664071C50033C00BD0B79 /* RCTTest.xcodeproj */ = {isa = PBXFileReference; lastKnownFileType = "wrapper.pb-project"; name = RCTTest.xcodeproj; path = "../node_modules/react-native/Libraries/RCTTest/RCTTest.xcodeproj"; sourceTree = "<group>"; };
		87F664611C51251100BD0B79 /* UIKit.framework */ = {isa = PBXFileReference; lastKnownFileType = wrapper.framework; name = UIKit.framework; path = System/Library/Frameworks/UIKit.framework; sourceTree = SDKROOT; };
		87F664701C51251700BD0B79 /* Foundation.framework */ = {isa = PBXFileReference; lastKnownFileType = wrapper.framework; name = Foundation.framework; path = System/Library/Frameworks/Foundation.framework; sourceTree = SDKROOT; };
		87FFFD5A1C6CDC0F000A71AA /* Fabric.framework */ = {isa = PBXFileReference; lastKnownFileType = wrapper.framework; path = Fabric.framework; sourceTree = "<group>"; };
		87FFFD5B1C6CDC0F000A71AA /* DigitsKit.framework */ = {isa = PBXFileReference; lastKnownFileType = wrapper.framework; path = DigitsKit.framework; sourceTree = "<group>"; };
		87FFFD5C1C6CDC0F000A71AA /* DigitsKitResources.bundle */ = {isa = PBXFileReference; lastKnownFileType = "wrapper.plug-in"; name = DigitsKitResources.bundle; path = DigitsKit.framework/Versions/A/Resources/DigitsKitResources.bundle; sourceTree = "<group>"; };
		87FFFD5D1C6CDC0F000A71AA /* TwitterCore.framework */ = {isa = PBXFileReference; lastKnownFileType = wrapper.framework; path = TwitterCore.framework; sourceTree = "<group>"; };
		87FFFD661C6CDC4F000A71AA /* Mapbox.framework */ = {isa = PBXFileReference; lastKnownFileType = wrapper.framework; path = Mapbox.framework; sourceTree = "<group>"; };
		87FFFD671C6CDC4F000A71AA /* Mapbox.bundle */ = {isa = PBXFileReference; lastKnownFileType = "wrapper.plug-in"; name = Mapbox.bundle; path = Mapbox.framework/Mapbox.bundle; sourceTree = "<group>"; };
		87FFFD681C6CDC4F000A71AA /* Settings.bundle */ = {isa = PBXFileReference; lastKnownFileType = "wrapper.plug-in"; name = Settings.bundle; path = Mapbox.framework/Settings.bundle; sourceTree = "<group>"; };
		87FFFD6F1C6CDCBD000A71AA /* Roboto-Medium.ttf */ = {isa = PBXFileReference; lastKnownFileType = file; path = "Roboto-Medium.ttf"; sourceTree = "<group>"; };
		87FFFD731C6CDCCF000A71AA /* RNFabricDigitsManager.h */ = {isa = PBXFileReference; fileEncoding = 4; lastKnownFileType = sourcecode.c.h; path = RNFabricDigitsManager.h; sourceTree = "<group>"; };
		87FFFD741C6CDCCF000A71AA /* RNFabricDigitsManager.m */ = {isa = PBXFileReference; fileEncoding = 4; lastKnownFileType = sourcecode.c.objc; path = RNFabricDigitsManager.m; sourceTree = "<group>"; };
/* End PBXFileReference section */

/* Begin PBXFrameworksBuildPhase section */
		13B07F8C1A680F5B00A75B9A /* Frameworks */ = {
			isa = PBXFrameworksBuildPhase;
			buildActionMask = 2147483647;
			files = (
				870F74451C6360E700A237F5 /* UIKit.framework in Frameworks */,
				870F74001C60DFC500A237F5 /* libBVLinearGradient.a in Frameworks */,
				871BB8B21C5A7E6E00C13BAC /* libRCTVideo.a in Frameworks */,
				8761A88D1C4EE6E50061DCB5 /* libRNXMPP.a in Frameworks */,
				876EFF041C40076000B2DA2F /* Security.framework in Frameworks */,
				87F1855E1C3C2FAA008A09BB /* libz.tbd in Frameworks */,
				87F1855C1C3C2F9F008A09BB /* SystemConfiguration.framework in Frameworks */,
				87D27A4B1C22FD5B00C3B039 /* libsqlite3.tbd in Frameworks */,
				87FFFD601C6CDC10000A71AA /* DigitsKit.framework in Frameworks */,
				87FFFD691C6CDC4F000A71AA /* Mapbox.framework in Frameworks */,
				87D27A491C22FA6F00C3B039 /* libSQLite.a in Frameworks */,
				87F5A66F1C1F3711008AC085 /* libxml2.tbd in Frameworks */,
				87F5A66D1C1F3707008AC085 /* libresolv.tbd in Frameworks */,
				146834051AC3E58100842450 /* libReact.a in Frameworks */,
				87FFFD641C6CDC10000A71AA /* TwitterCore.framework in Frameworks */,
				00C302E51ABCBA2D00DB3ED1 /* libRCTActionSheet.a in Frameworks */,
				00C302E71ABCBA2D00DB3ED1 /* libRCTGeolocation.a in Frameworks */,
				00C302E81ABCBA2D00DB3ED1 /* libRCTImage.a in Frameworks */,
				133E29F31AD74F7200F7D852 /* libRCTLinking.a in Frameworks */,
				00C302E91ABCBA2D00DB3ED1 /* libRCTNetwork.a in Frameworks */,
				139105C61AF99C1200B5F7CC /* libRCTSettings.a in Frameworks */,
				832341BD1AAA6AB300B99B32 /* libRCTText.a in Frameworks */,
				00C302EA1ABCBA2D00DB3ED1 /* libRCTVibration.a in Frameworks */,
				139FDEF61B0652A700C62182 /* libRCTWebSocket.a in Frameworks */,
				87FFFD5E1C6CDC0F000A71AA /* Fabric.framework in Frameworks */,
			);
			runOnlyForDeploymentPostprocessing = 0;
		};
		87349FB81C514C1B00D33736 /* Frameworks */ = {
			isa = PBXFrameworksBuildPhase;
			buildActionMask = 2147483647;
			files = (
			);
			runOnlyForDeploymentPostprocessing = 0;
		};
		87493F151C4658D60071C680 /* Frameworks */ = {
			isa = PBXFrameworksBuildPhase;
			buildActionMask = 2147483647;
			files = (
				870F74441C6360DD00A237F5 /* UIKit.framework in Frameworks */,
				870F74011C60DFD000A237F5 /* libBVLinearGradient.a in Frameworks */,
				871BB8B31C5A7E7700C13BAC /* libRCTVideo.a in Frameworks */,
				8761A88C1C4EE6090061DCB5 /* libRNXMPP.a in Frameworks */,
				87493F161C4658D60071C680 /* Security.framework in Frameworks */,
				87493F171C4658D60071C680 /* libz.tbd in Frameworks */,
				87493F181C4658D60071C680 /* SystemConfiguration.framework in Frameworks */,
				87493F191C4658D60071C680 /* libsqlite3.tbd in Frameworks */,
				87FFFD611C6CDC10000A71AA /* DigitsKit.framework in Frameworks */,
				87FFFD6A1C6CDC4F000A71AA /* Mapbox.framework in Frameworks */,
				87493F1A1C4658D60071C680 /* libSQLite.a in Frameworks */,
				87493F1B1C4658D60071C680 /* libxml2.tbd in Frameworks */,
				87493F1C1C4658D60071C680 /* libresolv.tbd in Frameworks */,
				87493F1E1C4658D60071C680 /* libReact.a in Frameworks */,
				87FFFD651C6CDC10000A71AA /* TwitterCore.framework in Frameworks */,
				87493F1F1C4658D60071C680 /* libRCTActionSheet.a in Frameworks */,
				87493F201C4658D60071C680 /* libRCTGeolocation.a in Frameworks */,
				87493F211C4658D60071C680 /* libRCTImage.a in Frameworks */,
				87493F221C4658D60071C680 /* libRCTLinking.a in Frameworks */,
				87493F231C4658D60071C680 /* libRCTNetwork.a in Frameworks */,
				87493F241C4658D60071C680 /* libRCTSettings.a in Frameworks */,
				87493F251C4658D60071C680 /* libRCTText.a in Frameworks */,
				87493F261C4658D60071C680 /* libRCTVibration.a in Frameworks */,
				87493F271C4658D60071C680 /* libRCTWebSocket.a in Frameworks */,
				87FFFD5F1C6CDC10000A71AA /* Fabric.framework in Frameworks */,
			);
			runOnlyForDeploymentPostprocessing = 0;
		};
/* End PBXFrameworksBuildPhase section */

/* Begin PBXGroup section */
		00C302A81ABCB8CE00DB3ED1 /* Products */ = {
			isa = PBXGroup;
			children = (
				00C302AC1ABCB8CE00DB3ED1 /* libRCTActionSheet.a */,
			);
			name = Products;
			sourceTree = "<group>";
		};
		00C302B61ABCB90400DB3ED1 /* Products */ = {
			isa = PBXGroup;
			children = (
				00C302BA1ABCB90400DB3ED1 /* libRCTGeolocation.a */,
			);
			name = Products;
			sourceTree = "<group>";
		};
		00C302BC1ABCB91800DB3ED1 /* Products */ = {
			isa = PBXGroup;
			children = (
				00C302C01ABCB91800DB3ED1 /* libRCTImage.a */,
			);
			name = Products;
			sourceTree = "<group>";
		};
		00C302D41ABCB9D200DB3ED1 /* Products */ = {
			isa = PBXGroup;
			children = (
				00C302DC1ABCB9D200DB3ED1 /* libRCTNetwork.a */,
			);
			name = Products;
			sourceTree = "<group>";
		};
		00C302E01ABCB9EE00DB3ED1 /* Products */ = {
			isa = PBXGroup;
			children = (
				00C302E41ABCB9EE00DB3ED1 /* libRCTVibration.a */,
			);
			name = Products;
			sourceTree = "<group>";
		};
		139105B71AF99BAD00B5F7CC /* Products */ = {
			isa = PBXGroup;
			children = (
				139105C11AF99BAD00B5F7CC /* libRCTSettings.a */,
			);
			name = Products;
			sourceTree = "<group>";
		};
		139FDEE71B06529A00C62182 /* Products */ = {
			isa = PBXGroup;
			children = (
				139FDEF41B06529B00C62182 /* libRCTWebSocket.a */,
			);
			name = Products;
			sourceTree = "<group>";
		};
		13B07FAE1A68108700A75B9A /* Chat */ = {
			isa = PBXGroup;
			children = (
				876EFF1E1C43D00800B2DA2F /* public.pem */,
				13B07FAF1A68108700A75B9A /* AppDelegate.h */,
				13B07FB01A68108700A75B9A /* AppDelegate.m */,
				13B07FB61A68108700A75B9A /* Info.plist */,
				13B07FB71A68108700A75B9A /* main.m */,
				87C5DE871C5F8D0D00B07B68 /* UIImage+SplashImage.h */,
				87C5DE881C5F8D0D00B07B68 /* UIImage+SplashImage.m */,
			);
			name = Chat;
			sourceTree = "<group>";
		};
		146834001AC3E56700842450 /* Products */ = {
			isa = PBXGroup;
			children = (
				146834041AC3E56700842450 /* libReact.a */,
			);
			name = Products;
			sourceTree = "<group>";
		};
		78C398B11ACF4ADC00677621 /* Products */ = {
			isa = PBXGroup;
			children = (
				78C398B91ACF4ADC00677621 /* libRCTLinking.a */,
			);
			name = Products;
			sourceTree = "<group>";
		};
		832341AE1AAA6A7D00B99B32 /* Libraries */ = {
			isa = PBXGroup;
			children = (
				87FFFD661C6CDC4F000A71AA /* Mapbox.framework */,
				87FFFD671C6CDC4F000A71AA /* Mapbox.bundle */,
				87FFFD681C6CDC4F000A71AA /* Settings.bundle */,
				87FFFD5A1C6CDC0F000A71AA /* Fabric.framework */,
				87FFFD5B1C6CDC0F000A71AA /* DigitsKit.framework */,
				87FFFD5C1C6CDC0F000A71AA /* DigitsKitResources.bundle */,
				87FFFD5D1C6CDC0F000A71AA /* TwitterCore.framework */,
				870F73EC1C60DFAB00A237F5 /* BVLinearGradient.xcodeproj */,
				871BB89F1C5A7B3C00C13BAC /* RCTVideo.xcodeproj */,
				87F664701C51251700BD0B79 /* Foundation.framework */,
				87F664611C51251100BD0B79 /* UIKit.framework */,
				87F664071C50033C00BD0B79 /* RCTTest.xcodeproj */,
				8761A8851C4EE5B10061DCB5 /* RNXMPP.xcodeproj */,
				876EFF031C40076000B2DA2F /* Security.framework */,
				87F1855B1C3C2F9F008A09BB /* SystemConfiguration.framework */,
				87F1855D1C3C2FAA008A09BB /* libz.tbd */,
				87D27A4A1C22FD5B00C3B039 /* libsqlite3.tbd */,
				87F5A66E1C1F3711008AC085 /* libxml2.tbd */,
				87F5A66C1C1F3707008AC085 /* libresolv.tbd */,
				87D27A381C22FA6400C3B039 /* SQLite.xcodeproj */,
				146833FF1AC3E56700842450 /* React.xcodeproj */,
				00C302A71ABCB8CE00DB3ED1 /* RCTActionSheet.xcodeproj */,
				00C302B51ABCB90400DB3ED1 /* RCTGeolocation.xcodeproj */,
				00C302BB1ABCB91800DB3ED1 /* RCTImage.xcodeproj */,
				78C398B01ACF4ADC00677621 /* RCTLinking.xcodeproj */,
				00C302D31ABCB9D200DB3ED1 /* RCTNetwork.xcodeproj */,
				139105B61AF99BAD00B5F7CC /* RCTSettings.xcodeproj */,
				832341B01AAA6A8300B99B32 /* RCTText.xcodeproj */,
				00C302DF1ABCB9EE00DB3ED1 /* RCTVibration.xcodeproj */,
				139FDEE61B06529A00C62182 /* RCTWebSocket.xcodeproj */,
			);
			name = Libraries;
			sourceTree = "<group>";
		};
		832341B11AAA6A8300B99B32 /* Products */ = {
			isa = PBXGroup;
			children = (
				832341B51AAA6A8300B99B32 /* libRCTText.a */,
			);
			name = Products;
			sourceTree = "<group>";
		};
		83CBB9F61A601CBA00E9B192 = {
			isa = PBXGroup;
			children = (
				87FFFD721C6CDCCF000A71AA /* RNFabricDigits */,
				871BB8B51C5A80CF00C13BAC /* Resources */,
				876EFF221C43E76A00B2DA2F /* RemoteBundle */,
				13B07FAE1A68108700A75B9A /* Chat */,
				832341AE1AAA6A7D00B99B32 /* Libraries */,
				87349FBC1C514C1B00D33736 /* ChatUITests */,
				83CBBA001A601CBA00E9B192 /* Products */,
				87493F311C4658D60071C680 /* Chat copy-Info.plist */,
			);
			indentWidth = 2;
			sourceTree = "<group>";
			tabWidth = 2;
		};
		83CBBA001A601CBA00E9B192 /* Products */ = {
			isa = PBXGroup;
			children = (
				13B07F961A680F5B00A75B9A /* tinyrobot.app */,
				87493F301C4658D60071C680 /* tinyrobot.app */,
				87349FBB1C514C1B00D33736 /* ChatUITests.xctest */,
			);
			name = Products;
			sourceTree = "<group>";
		};
		870F73ED1C60DFAB00A237F5 /* Products */ = {
			isa = PBXGroup;
			children = (
				870F73F11C60DFAB00A237F5 /* libBVLinearGradient.a */,
			);
			name = Products;
			sourceTree = "<group>";
		};
		871BB8A01C5A7B3C00C13BAC /* Products */ = {
			isa = PBXGroup;
			children = (
				871BB8AD1C5A7B3C00C13BAC /* libRCTVideo.a */,
			);
			name = Products;
			sourceTree = "<group>";
		};
		871BB8B51C5A80CF00C13BAC /* Resources */ = {
			isa = PBXGroup;
			children = (
				87FFFD6F1C6CDCBD000A71AA /* Roboto-Medium.ttf */,
				870F741E1C627BB800A237F5 /* Roboto-Light.ttf */,
				87F2EEA71C5FC1E900FD21B5 /* Roboto-Regular.ttf */,
				871BB8BF1C5A8A6200C13BAC /* Launch@2x.png */,
				871BB8B91C5A842600C13BAC /* Media.xcassets */,
				871BB8B61C5A80CF00C13BAC /* Launch.mp4 */,
			);
			path = Resources;
			sourceTree = "<group>";
		};
		87349FBC1C514C1B00D33736 /* ChatUITests */ = {
			isa = PBXGroup;
			children = (
				87349FBD1C514C1B00D33736 /* ChatUITests.swift */,
				87349FBF1C514C1B00D33736 /* Info.plist */,
			);
			path = ChatUITests;
			sourceTree = "<group>";
		};
		8761A8861C4EE5B10061DCB5 /* Products */ = {
			isa = PBXGroup;
			children = (
				8761A88B1C4EE5B10061DCB5 /* libRNXMPP.a */,
			);
			name = Products;
			sourceTree = "<group>";
		};
		876EFF221C43E76A00B2DA2F /* RemoteBundle */ = {
			isa = PBXGroup;
			children = (
				876EFF251C43E76A00B2DA2F /* minizip */,
				876EFF231C43E76A00B2DA2F /* AH_SSZipArchive.h */,
				876EFF241C43E76A00B2DA2F /* AH_SSZipArchive.m */,
				876EFF2F1C43E76A00B2DA2F /* RemoteBundle.h */,
				876EFF301C43E76A00B2DA2F /* RemoteBundle.m */,
				876EFF311C43E76A00B2DA2F /* Shared.h */,
				876EFF321C43E76A00B2DA2F /* Shared.m */,
			);
			path = RemoteBundle;
			sourceTree = "<group>";
		};
		876EFF251C43E76A00B2DA2F /* minizip */ = {
			isa = PBXGroup;
			children = (
				876EFF261C43E76A00B2DA2F /* crypt.h */,
				876EFF271C43E76A00B2DA2F /* ioapi.c */,
				876EFF281C43E76A00B2DA2F /* ioapi.h */,
				876EFF291C43E76A00B2DA2F /* mztools.c */,
				876EFF2A1C43E76A00B2DA2F /* mztools.h */,
				876EFF2B1C43E76A00B2DA2F /* unzip.c */,
				876EFF2C1C43E76A00B2DA2F /* unzip.h */,
				876EFF2D1C43E76A00B2DA2F /* zip.c */,
				876EFF2E1C43E76A00B2DA2F /* zip.h */,
			);
			path = minizip;
			sourceTree = "<group>";
		};
		87D27A391C22FA6400C3B039 /* Products */ = {
			isa = PBXGroup;
			children = (
				87D27A481C22FA6400C3B039 /* libSQLite.a */,
			);
			name = Products;
			sourceTree = "<group>";
		};
		87F664081C50033C00BD0B79 /* Products */ = {
			isa = PBXGroup;
			children = (
				87F664121C50033C00BD0B79 /* libRCTTest.a */,
			);
			name = Products;
			sourceTree = "<group>";
		};
		87FFFD721C6CDCCF000A71AA /* RNFabricDigits */ = {
			isa = PBXGroup;
			children = (
				87FFFD731C6CDCCF000A71AA /* RNFabricDigitsManager.h */,
				87FFFD741C6CDCCF000A71AA /* RNFabricDigitsManager.m */,
			);
			path = RNFabricDigits;
			sourceTree = "<group>";
		};
/* End PBXGroup section */

/* Begin PBXNativeTarget section */
		13B07F861A680F5B00A75B9A /* Chat */ = {
			isa = PBXNativeTarget;
			buildConfigurationList = 13B07F931A680F5B00A75B9A /* Build configuration list for PBXNativeTarget "Chat" */;
			buildPhases = (
				13B07F871A680F5B00A75B9A /* Sources */,
				13B07F8C1A680F5B00A75B9A /* Frameworks */,
				13B07F8E1A680F5B00A75B9A /* Resources */,
				00DD1BFF1BD5951E006B06BC /* Bundle React Native code and images */,
				87FFFD591C6CDC04000A71AA /* ShellScript */,
			);
			buildRules = (
			);
			dependencies = (
			);
			name = Chat;
			productName = "Hello World";
			productReference = 13B07F961A680F5B00A75B9A /* tinyrobot.app */;
			productType = "com.apple.product-type.application";
		};
		87349FBA1C514C1B00D33736 /* ChatUITests */ = {
			isa = PBXNativeTarget;
			buildConfigurationList = 87349FC21C514C1B00D33736 /* Build configuration list for PBXNativeTarget "ChatUITests" */;
			buildPhases = (
				87349FB71C514C1B00D33736 /* Sources */,
				87349FB81C514C1B00D33736 /* Frameworks */,
				87349FB91C514C1B00D33736 /* Resources */,
			);
			buildRules = (
			);
			dependencies = (
				87349FC11C514C1B00D33736 /* PBXTargetDependency */,
			);
			name = ChatUITests;
			productName = ChatUITests;
			productReference = 87349FBB1C514C1B00D33736 /* ChatUITests.xctest */;
			productType = "com.apple.product-type.bundle.ui-testing";
		};
		87493F0A1C4658D60071C680 /* Chat Local */ = {
			isa = PBXNativeTarget;
			buildConfigurationList = 87493F2D1C4658D60071C680 /* Build configuration list for PBXNativeTarget "Chat Local" */;
			buildPhases = (
				87493F0B1C4658D60071C680 /* Sources */,
				87493F151C4658D60071C680 /* Frameworks */,
				87493F281C4658D60071C680 /* Resources */,
				87493F2C1C4658D60071C680 /* Bundle React Native code and images */,
				87FFFD581C6CDBEC000A71AA /* ShellScript */,
			);
			buildRules = (
			);
			dependencies = (
			);
			name = "Chat Local";
			productName = "Hello World";
			productReference = 87493F301C4658D60071C680 /* tinyrobot.app */;
			productType = "com.apple.product-type.application";
		};
/* End PBXNativeTarget section */

/* Begin PBXProject section */
		83CBB9F71A601CBA00E9B192 /* Project object */ = {
			isa = PBXProject;
			attributes = {
				LastSwiftUpdateCheck = 0720;
				LastUpgradeCheck = 0610;
				ORGANIZATIONNAME = Facebook;
				TargetAttributes = {
					87349FBA1C514C1B00D33736 = {
						CreatedOnToolsVersion = 7.2;
						TestTargetID = 13B07F861A680F5B00A75B9A;
					};
				};
			};
			buildConfigurationList = 83CBB9FA1A601CBA00E9B192 /* Build configuration list for PBXProject "Chat" */;
			compatibilityVersion = "Xcode 3.2";
			developmentRegion = English;
			hasScannedForEncodings = 0;
			knownRegions = (
				en,
				Base,
			);
			mainGroup = 83CBB9F61A601CBA00E9B192;
			productRefGroup = 83CBBA001A601CBA00E9B192 /* Products */;
			projectDirPath = "";
			projectReferences = (
				{
					ProductGroup = 870F73ED1C60DFAB00A237F5 /* Products */;
					ProjectRef = 870F73EC1C60DFAB00A237F5 /* BVLinearGradient.xcodeproj */;
				},
				{
					ProductGroup = 00C302A81ABCB8CE00DB3ED1 /* Products */;
					ProjectRef = 00C302A71ABCB8CE00DB3ED1 /* RCTActionSheet.xcodeproj */;
				},
				{
					ProductGroup = 00C302B61ABCB90400DB3ED1 /* Products */;
					ProjectRef = 00C302B51ABCB90400DB3ED1 /* RCTGeolocation.xcodeproj */;
				},
				{
					ProductGroup = 00C302BC1ABCB91800DB3ED1 /* Products */;
					ProjectRef = 00C302BB1ABCB91800DB3ED1 /* RCTImage.xcodeproj */;
				},
				{
					ProductGroup = 78C398B11ACF4ADC00677621 /* Products */;
					ProjectRef = 78C398B01ACF4ADC00677621 /* RCTLinking.xcodeproj */;
				},
				{
					ProductGroup = 00C302D41ABCB9D200DB3ED1 /* Products */;
					ProjectRef = 00C302D31ABCB9D200DB3ED1 /* RCTNetwork.xcodeproj */;
				},
				{
					ProductGroup = 139105B71AF99BAD00B5F7CC /* Products */;
					ProjectRef = 139105B61AF99BAD00B5F7CC /* RCTSettings.xcodeproj */;
				},
				{
					ProductGroup = 87F664081C50033C00BD0B79 /* Products */;
					ProjectRef = 87F664071C50033C00BD0B79 /* RCTTest.xcodeproj */;
				},
				{
					ProductGroup = 832341B11AAA6A8300B99B32 /* Products */;
					ProjectRef = 832341B01AAA6A8300B99B32 /* RCTText.xcodeproj */;
				},
				{
					ProductGroup = 00C302E01ABCB9EE00DB3ED1 /* Products */;
					ProjectRef = 00C302DF1ABCB9EE00DB3ED1 /* RCTVibration.xcodeproj */;
				},
				{
					ProductGroup = 871BB8A01C5A7B3C00C13BAC /* Products */;
					ProjectRef = 871BB89F1C5A7B3C00C13BAC /* RCTVideo.xcodeproj */;
				},
				{
					ProductGroup = 139FDEE71B06529A00C62182 /* Products */;
					ProjectRef = 139FDEE61B06529A00C62182 /* RCTWebSocket.xcodeproj */;
				},
				{
					ProductGroup = 146834001AC3E56700842450 /* Products */;
					ProjectRef = 146833FF1AC3E56700842450 /* React.xcodeproj */;
				},
				{
					ProductGroup = 8761A8861C4EE5B10061DCB5 /* Products */;
					ProjectRef = 8761A8851C4EE5B10061DCB5 /* RNXMPP.xcodeproj */;
				},
				{
					ProductGroup = 87D27A391C22FA6400C3B039 /* Products */;
					ProjectRef = 87D27A381C22FA6400C3B039 /* SQLite.xcodeproj */;
				},
			);
			projectRoot = "";
			targets = (
				13B07F861A680F5B00A75B9A /* Chat */,
				87493F0A1C4658D60071C680 /* Chat Local */,
				87349FBA1C514C1B00D33736 /* ChatUITests */,
			);
		};
/* End PBXProject section */

/* Begin PBXReferenceProxy section */
		00C302AC1ABCB8CE00DB3ED1 /* libRCTActionSheet.a */ = {
			isa = PBXReferenceProxy;
			fileType = archive.ar;
			path = libRCTActionSheet.a;
			remoteRef = 00C302AB1ABCB8CE00DB3ED1 /* PBXContainerItemProxy */;
			sourceTree = BUILT_PRODUCTS_DIR;
		};
		00C302BA1ABCB90400DB3ED1 /* libRCTGeolocation.a */ = {
			isa = PBXReferenceProxy;
			fileType = archive.ar;
			path = libRCTGeolocation.a;
			remoteRef = 00C302B91ABCB90400DB3ED1 /* PBXContainerItemProxy */;
			sourceTree = BUILT_PRODUCTS_DIR;
		};
		00C302C01ABCB91800DB3ED1 /* libRCTImage.a */ = {
			isa = PBXReferenceProxy;
			fileType = archive.ar;
			path = libRCTImage.a;
			remoteRef = 00C302BF1ABCB91800DB3ED1 /* PBXContainerItemProxy */;
			sourceTree = BUILT_PRODUCTS_DIR;
		};
		00C302DC1ABCB9D200DB3ED1 /* libRCTNetwork.a */ = {
			isa = PBXReferenceProxy;
			fileType = archive.ar;
			path = libRCTNetwork.a;
			remoteRef = 00C302DB1ABCB9D200DB3ED1 /* PBXContainerItemProxy */;
			sourceTree = BUILT_PRODUCTS_DIR;
		};
		00C302E41ABCB9EE00DB3ED1 /* libRCTVibration.a */ = {
			isa = PBXReferenceProxy;
			fileType = archive.ar;
			path = libRCTVibration.a;
			remoteRef = 00C302E31ABCB9EE00DB3ED1 /* PBXContainerItemProxy */;
			sourceTree = BUILT_PRODUCTS_DIR;
		};
		139105C11AF99BAD00B5F7CC /* libRCTSettings.a */ = {
			isa = PBXReferenceProxy;
			fileType = archive.ar;
			path = libRCTSettings.a;
			remoteRef = 139105C01AF99BAD00B5F7CC /* PBXContainerItemProxy */;
			sourceTree = BUILT_PRODUCTS_DIR;
		};
		139FDEF41B06529B00C62182 /* libRCTWebSocket.a */ = {
			isa = PBXReferenceProxy;
			fileType = archive.ar;
			path = libRCTWebSocket.a;
			remoteRef = 139FDEF31B06529B00C62182 /* PBXContainerItemProxy */;
			sourceTree = BUILT_PRODUCTS_DIR;
		};
		146834041AC3E56700842450 /* libReact.a */ = {
			isa = PBXReferenceProxy;
			fileType = archive.ar;
			path = libReact.a;
			remoteRef = 146834031AC3E56700842450 /* PBXContainerItemProxy */;
			sourceTree = BUILT_PRODUCTS_DIR;
		};
		78C398B91ACF4ADC00677621 /* libRCTLinking.a */ = {
			isa = PBXReferenceProxy;
			fileType = archive.ar;
			path = libRCTLinking.a;
			remoteRef = 78C398B81ACF4ADC00677621 /* PBXContainerItemProxy */;
			sourceTree = BUILT_PRODUCTS_DIR;
		};
		832341B51AAA6A8300B99B32 /* libRCTText.a */ = {
			isa = PBXReferenceProxy;
			fileType = archive.ar;
			path = libRCTText.a;
			remoteRef = 832341B41AAA6A8300B99B32 /* PBXContainerItemProxy */;
			sourceTree = BUILT_PRODUCTS_DIR;
		};
		870F73F11C60DFAB00A237F5 /* libBVLinearGradient.a */ = {
			isa = PBXReferenceProxy;
			fileType = archive.ar;
			path = libBVLinearGradient.a;
			remoteRef = 870F73F01C60DFAB00A237F5 /* PBXContainerItemProxy */;
			sourceTree = BUILT_PRODUCTS_DIR;
		};
		871BB8AD1C5A7B3C00C13BAC /* libRCTVideo.a */ = {
			isa = PBXReferenceProxy;
			fileType = archive.ar;
			path = libRCTVideo.a;
			remoteRef = 871BB8AC1C5A7B3C00C13BAC /* PBXContainerItemProxy */;
			sourceTree = BUILT_PRODUCTS_DIR;
		};
		8761A88B1C4EE5B10061DCB5 /* libRNXMPP.a */ = {
			isa = PBXReferenceProxy;
			fileType = archive.ar;
			path = libRNXMPP.a;
			remoteRef = 8761A88A1C4EE5B10061DCB5 /* PBXContainerItemProxy */;
			sourceTree = BUILT_PRODUCTS_DIR;
		};
		87D27A481C22FA6400C3B039 /* libSQLite.a */ = {
			isa = PBXReferenceProxy;
			fileType = archive.ar;
			path = libSQLite.a;
			remoteRef = 87D27A471C22FA6400C3B039 /* PBXContainerItemProxy */;
			sourceTree = BUILT_PRODUCTS_DIR;
		};
		87F664121C50033C00BD0B79 /* libRCTTest.a */ = {
			isa = PBXReferenceProxy;
			fileType = archive.ar;
			path = libRCTTest.a;
			remoteRef = 87F664111C50033C00BD0B79 /* PBXContainerItemProxy */;
			sourceTree = BUILT_PRODUCTS_DIR;
		};
/* End PBXReferenceProxy section */

/* Begin PBXResourcesBuildPhase section */
		13B07F8E1A680F5B00A75B9A /* Resources */ = {
			isa = PBXResourcesBuildPhase;
			buildActionMask = 2147483647;
			files = (
				87FFFD701C6CDCBD000A71AA /* Roboto-Medium.ttf in Resources */,
				871BB8BA1C5A842600C13BAC /* Media.xcassets in Resources */,
				871BB8C01C5A8A6200C13BAC /* Launch@2x.png in Resources */,
				870F741F1C627BB800A237F5 /* Roboto-Light.ttf in Resources */,
				87F2EEA81C5FC1E900FD21B5 /* Roboto-Regular.ttf in Resources */,
				87FFFD6B1C6CDC4F000A71AA /* Mapbox.bundle in Resources */,
				871BB8B71C5A80CF00C13BAC /* Launch.mp4 in Resources */,
				876EFF1F1C43D00800B2DA2F /* public.pem in Resources */,
				87FFFD6D1C6CDC4F000A71AA /* Settings.bundle in Resources */,
				87FFFD621C6CDC10000A71AA /* DigitsKitResources.bundle in Resources */,
			);
			runOnlyForDeploymentPostprocessing = 0;
		};
		87349FB91C514C1B00D33736 /* Resources */ = {
			isa = PBXResourcesBuildPhase;
			buildActionMask = 2147483647;
			files = (
			);
			runOnlyForDeploymentPostprocessing = 0;
		};
		87493F281C4658D60071C680 /* Resources */ = {
			isa = PBXResourcesBuildPhase;
			buildActionMask = 2147483647;
			files = (
				87FFFD711C6CDCBD000A71AA /* Roboto-Medium.ttf in Resources */,
				871BB8BB1C5A842600C13BAC /* Media.xcassets in Resources */,
				871BB8C11C5A8A6200C13BAC /* Launch@2x.png in Resources */,
				870F74201C627BB800A237F5 /* Roboto-Light.ttf in Resources */,
				87F2EEA91C5FC1E900FD21B5 /* Roboto-Regular.ttf in Resources */,
				87FFFD6C1C6CDC4F000A71AA /* Mapbox.bundle in Resources */,
				871BB8B81C5A80CF00C13BAC /* Launch.mp4 in Resources */,
				87493F2B1C4658D60071C680 /* public.pem in Resources */,
				87FFFD6E1C6CDC4F000A71AA /* Settings.bundle in Resources */,
				87FFFD631C6CDC10000A71AA /* DigitsKitResources.bundle in Resources */,
			);
			runOnlyForDeploymentPostprocessing = 0;
		};
/* End PBXResourcesBuildPhase section */

/* Begin PBXShellScriptBuildPhase section */
		00DD1BFF1BD5951E006B06BC /* Bundle React Native code and images */ = {
			isa = PBXShellScriptBuildPhase;
			buildActionMask = 2147483647;
			files = (
			);
			inputPaths = (
			);
			name = "Bundle React Native code and images";
			outputPaths = (
			);
			runOnlyForDeploymentPostprocessing = 0;
			shellPath = /bin/sh;
			shellScript = "../node_modules/react-native/packager/react-native-xcode.sh";
		};
		87493F2C1C4658D60071C680 /* Bundle React Native code and images */ = {
			isa = PBXShellScriptBuildPhase;
			buildActionMask = 2147483647;
			files = (
			);
			inputPaths = (
			);
			name = "Bundle React Native code and images";
			outputPaths = (
			);
			runOnlyForDeploymentPostprocessing = 0;
			shellPath = /bin/sh;
			shellScript = "../node_modules/react-native/packager/react-native-xcode.sh";
		};
		87FFFD581C6CDBEC000A71AA /* ShellScript */ = {
			isa = PBXShellScriptBuildPhase;
			buildActionMask = 2147483647;
			files = (
			);
			inputPaths = (
			);
			outputPaths = (
			);
			runOnlyForDeploymentPostprocessing = 0;
			shellPath = /bin/sh;
			shellScript = "./Fabric.framework/run 2c26edd537d6142e372672914153970108c65238 e56969f2fab13e4625d075e79ed061b596097a3ae7be8b6434ce3c698ecd356d";
		};
		87FFFD591C6CDC04000A71AA /* ShellScript */ = {
			isa = PBXShellScriptBuildPhase;
			buildActionMask = 2147483647;
			files = (
			);
			inputPaths = (
			);
			outputPaths = (
			);
			runOnlyForDeploymentPostprocessing = 0;
			shellPath = /bin/sh;
			shellScript = "./Fabric.framework/run 2c26edd537d6142e372672914153970108c65238 e56969f2fab13e4625d075e79ed061b596097a3ae7be8b6434ce3c698ecd356d";
		};
/* End PBXShellScriptBuildPhase section */

/* Begin PBXSourcesBuildPhase section */
		13B07F871A680F5B00A75B9A /* Sources */ = {
			isa = PBXSourcesBuildPhase;
			buildActionMask = 2147483647;
			files = (
				87FFFD751C6CDCCF000A71AA /* RNFabricDigitsManager.m in Sources */,
				876EFF361C43E76A00B2DA2F /* unzip.c in Sources */,
				13B07FBC1A68108700A75B9A /* AppDelegate.m in Sources */,
				13B07FC11A68108700A75B9A /* main.m in Sources */,
				876EFF391C43E76A00B2DA2F /* Shared.m in Sources */,
				876EFF341C43E76A00B2DA2F /* ioapi.c in Sources */,
				876EFF371C43E76A00B2DA2F /* zip.c in Sources */,
				87C5DE891C5F8D0D00B07B68 /* UIImage+SplashImage.m in Sources */,
				876EFF331C43E76A00B2DA2F /* AH_SSZipArchive.m in Sources */,
				876EFF351C43E76A00B2DA2F /* mztools.c in Sources */,
				876EFF381C43E76A00B2DA2F /* RemoteBundle.m in Sources */,
			);
			runOnlyForDeploymentPostprocessing = 0;
		};
		87349FB71C514C1B00D33736 /* Sources */ = {
			isa = PBXSourcesBuildPhase;
			buildActionMask = 2147483647;
			files = (
				87349FBE1C514C1B00D33736 /* ChatUITests.swift in Sources */,
			);
			runOnlyForDeploymentPostprocessing = 0;
		};
		87493F0B1C4658D60071C680 /* Sources */ = {
			isa = PBXSourcesBuildPhase;
			buildActionMask = 2147483647;
			files = (
				87FFFD761C6CDCCF000A71AA /* RNFabricDigitsManager.m in Sources */,
				87493F0C1C4658D60071C680 /* unzip.c in Sources */,
				87493F0D1C4658D60071C680 /* AppDelegate.m in Sources */,
				87493F0E1C4658D60071C680 /* main.m in Sources */,
				87493F0F1C4658D60071C680 /* Shared.m in Sources */,
				87493F101C4658D60071C680 /* ioapi.c in Sources */,
				87493F111C4658D60071C680 /* zip.c in Sources */,
				87C5DE8A1C5F8D0D00B07B68 /* UIImage+SplashImage.m in Sources */,
				87493F121C4658D60071C680 /* AH_SSZipArchive.m in Sources */,
				87493F131C4658D60071C680 /* mztools.c in Sources */,
				87493F141C4658D60071C680 /* RemoteBundle.m in Sources */,
			);
			runOnlyForDeploymentPostprocessing = 0;
		};
/* End PBXSourcesBuildPhase section */

/* Begin PBXTargetDependency section */
		87349FC11C514C1B00D33736 /* PBXTargetDependency */ = {
			isa = PBXTargetDependency;
			target = 13B07F861A680F5B00A75B9A /* Chat */;
			targetProxy = 87349FC01C514C1B00D33736 /* PBXContainerItemProxy */;
		};
/* End PBXTargetDependency section */

/* Begin XCBuildConfiguration section */
		13B07F941A680F5B00A75B9A /* Debug */ = {
			isa = XCBuildConfiguration;
			buildSettings = {
				ASSETCATALOG_COMPILER_APPICON_NAME = AppIcon;
				ASSETCATALOG_COMPILER_LAUNCHIMAGE_NAME = LaunchImage;
				CODE_SIGN_IDENTITY = "iPhone Developer";
				CURRENT_PROJECT_VERSION = 5;
				DEAD_CODE_STRIPPING = NO;
				ENABLE_BITCODE = NO;
				FRAMEWORK_SEARCH_PATHS = (
					"$(inherited)",
					"$(PROJECT_DIR)",
				);
				HEADER_SEARCH_PATHS = (
					"$(inherited)",
					/Applications/Xcode.app/Contents/Developer/Toolchains/XcodeDefault.xctoolchain/usr/include,
					"$(SRCROOT)/../node_modules/react-native/React/**",
					"$(SRCROOT)/../node_modules/apphub/AppHub/**",
				);
				INFOPLIST_FILE = Chat/Info.plist;
				LD_RUNPATH_SEARCH_PATHS = "$(inherited) @executable_path/Frameworks";
				OTHER_LDFLAGS = "-ObjC";
				PRODUCT_BUNDLE_IDENTIFIER = com.hippware.ios.Chat;
				PRODUCT_NAME = tinyrobot;
				PROVISIONING_PROFILE = "";
				VERSIONING_SYSTEM = "apple-generic";
			};
			name = Debug;
		};
		13B07F951A680F5B00A75B9A /* Release */ = {
			isa = XCBuildConfiguration;
			buildSettings = {
				ASSETCATALOG_COMPILER_APPICON_NAME = AppIcon;
				ASSETCATALOG_COMPILER_LAUNCHIMAGE_NAME = LaunchImage;
				CODE_SIGN_IDENTITY = "iPhone Distribution";
				CURRENT_PROJECT_VERSION = 5;
				ENABLE_BITCODE = NO;
				FRAMEWORK_SEARCH_PATHS = (
					"$(inherited)",
					"$(PROJECT_DIR)",
				);
				HEADER_SEARCH_PATHS = (
					"$(inherited)",
					/Applications/Xcode.app/Contents/Developer/Toolchains/XcodeDefault.xctoolchain/usr/include,
					"$(SRCROOT)/../node_modules/react-native/React/**",
					"$(SRCROOT)/../node_modules/apphub/AppHub/**",
				);
				INFOPLIST_FILE = Chat/Info.plist;
				LD_RUNPATH_SEARCH_PATHS = "$(inherited) @executable_path/Frameworks";
				OTHER_LDFLAGS = "-ObjC";
				PRODUCT_BUNDLE_IDENTIFIER = com.hippware.ios.Chat;
				PRODUCT_NAME = tinyrobot;
				PROVISIONING_PROFILE = "";
				VERSIONING_SYSTEM = "apple-generic";
			};
			name = Release;
		};
		83CBBA201A601CBA00E9B192 /* Debug */ = {
			isa = XCBuildConfiguration;
			buildSettings = {
				ALWAYS_SEARCH_USER_PATHS = NO;
				CLANG_CXX_LANGUAGE_STANDARD = "gnu++0x";
				CLANG_CXX_LIBRARY = "libc++";
				CLANG_ENABLE_MODULES = YES;
				CLANG_ENABLE_OBJC_ARC = YES;
				CLANG_WARN_BOOL_CONVERSION = YES;
				CLANG_WARN_CONSTANT_CONVERSION = YES;
				CLANG_WARN_DIRECT_OBJC_ISA_USAGE = YES_ERROR;
				CLANG_WARN_EMPTY_BODY = YES;
				CLANG_WARN_ENUM_CONVERSION = YES;
				CLANG_WARN_INT_CONVERSION = YES;
				CLANG_WARN_OBJC_ROOT_CLASS = YES_ERROR;
				CLANG_WARN_UNREACHABLE_CODE = YES;
				CLANG_WARN__DUPLICATE_METHOD_MATCH = YES;
				CODE_SIGN_IDENTITY = "iPhone Developer";
				COPY_PHASE_STRIP = NO;
				ENABLE_STRICT_OBJC_MSGSEND = YES;
				FRAMEWORK_SEARCH_PATHS = (
					"$(inherited)",
					"$(PROJECT_DIR)/../node_modules/react-native-fabric-digits/ios",
				);
				GCC_C_LANGUAGE_STANDARD = gnu99;
				GCC_DYNAMIC_NO_PIC = NO;
				GCC_OPTIMIZATION_LEVEL = 0;
				GCC_PREPROCESSOR_DEFINITIONS = (
					"DEBUG=1",
					"$(inherited)",
				);
				GCC_SYMBOLS_PRIVATE_EXTERN = NO;
				GCC_WARN_64_TO_32_BIT_CONVERSION = YES;
				GCC_WARN_ABOUT_RETURN_TYPE = YES_ERROR;
				GCC_WARN_UNDECLARED_SELECTOR = YES;
				GCC_WARN_UNINITIALIZED_AUTOS = YES_AGGRESSIVE;
				GCC_WARN_UNUSED_FUNCTION = YES;
				GCC_WARN_UNUSED_VARIABLE = YES;
				HEADER_SEARCH_PATHS = (
					"$(inherited)",
					/Applications/Xcode.app/Contents/Developer/Toolchains/XcodeDefault.xctoolchain/usr/include,
					"$(SRCROOT)/../node_modules/react-native/React/**",
				);
				IPHONEOS_DEPLOYMENT_TARGET = 7.0;
				MTL_ENABLE_DEBUG_INFO = YES;
				ONLY_ACTIVE_ARCH = YES;
				PROVISIONING_PROFILE = "";
				SDKROOT = iphoneos;
			};
			name = Debug;
		};
		83CBBA211A601CBA00E9B192 /* Release */ = {
			isa = XCBuildConfiguration;
			buildSettings = {
				ALWAYS_SEARCH_USER_PATHS = NO;
				CLANG_CXX_LANGUAGE_STANDARD = "gnu++0x";
				CLANG_CXX_LIBRARY = "libc++";
				CLANG_ENABLE_MODULES = YES;
				CLANG_ENABLE_OBJC_ARC = YES;
				CLANG_WARN_BOOL_CONVERSION = YES;
				CLANG_WARN_CONSTANT_CONVERSION = YES;
				CLANG_WARN_DIRECT_OBJC_ISA_USAGE = YES_ERROR;
				CLANG_WARN_EMPTY_BODY = YES;
				CLANG_WARN_ENUM_CONVERSION = YES;
				CLANG_WARN_INT_CONVERSION = YES;
				CLANG_WARN_OBJC_ROOT_CLASS = YES_ERROR;
				CLANG_WARN_UNREACHABLE_CODE = YES;
				CLANG_WARN__DUPLICATE_METHOD_MATCH = YES;
				CODE_SIGN_IDENTITY = "iPhone Distribution";
				COPY_PHASE_STRIP = YES;
				ENABLE_NS_ASSERTIONS = NO;
				ENABLE_STRICT_OBJC_MSGSEND = YES;
				FRAMEWORK_SEARCH_PATHS = (
					"$(inherited)",
					"$(PROJECT_DIR)/../node_modules/react-native-fabric-digits/ios",
				);
				GCC_C_LANGUAGE_STANDARD = gnu99;
				GCC_WARN_64_TO_32_BIT_CONVERSION = YES;
				GCC_WARN_ABOUT_RETURN_TYPE = YES_ERROR;
				GCC_WARN_UNDECLARED_SELECTOR = YES;
				GCC_WARN_UNINITIALIZED_AUTOS = YES_AGGRESSIVE;
				GCC_WARN_UNUSED_FUNCTION = YES;
				GCC_WARN_UNUSED_VARIABLE = YES;
				HEADER_SEARCH_PATHS = (
					"$(inherited)",
					/Applications/Xcode.app/Contents/Developer/Toolchains/XcodeDefault.xctoolchain/usr/include,
					"$(SRCROOT)/../node_modules/react-native/React/**",
				);
				IPHONEOS_DEPLOYMENT_TARGET = 7.0;
				MTL_ENABLE_DEBUG_INFO = NO;
				PROVISIONING_PROFILE = "";
				SDKROOT = iphoneos;
				VALIDATE_PRODUCT = YES;
			};
			name = Release;
		};
		87349FC31C514C1B00D33736 /* Debug */ = {
			isa = XCBuildConfiguration;
			buildSettings = {
				"CODE_SIGN_IDENTITY[sdk=iphoneos*]" = "iPhone Developer";
				DEBUG_INFORMATION_FORMAT = dwarf;
				ENABLE_TESTABILITY = YES;
				GCC_NO_COMMON_BLOCKS = YES;
				INFOPLIST_FILE = ChatUITests/Info.plist;
				IPHONEOS_DEPLOYMENT_TARGET = 9.2;
				LD_RUNPATH_SEARCH_PATHS = "$(inherited) @executable_path/Frameworks @loader_path/Frameworks";
				PRODUCT_BUNDLE_IDENTIFIER = com.hippware.rnchat.ChatUITests;
				PRODUCT_NAME = "$(TARGET_NAME)";
				SWIFT_OPTIMIZATION_LEVEL = "-Onone";
				TEST_TARGET_NAME = Chat;
				USES_XCTRUNNER = YES;
			};
			name = Debug;
		};
		87349FC41C514C1B00D33736 /* Release */ = {
			isa = XCBuildConfiguration;
			buildSettings = {
				"CODE_SIGN_IDENTITY[sdk=iphoneos*]" = "iPhone Developer";
				COPY_PHASE_STRIP = NO;
				DEBUG_INFORMATION_FORMAT = "dwarf-with-dsym";
				GCC_NO_COMMON_BLOCKS = YES;
				INFOPLIST_FILE = ChatUITests/Info.plist;
				IPHONEOS_DEPLOYMENT_TARGET = 9.2;
				LD_RUNPATH_SEARCH_PATHS = "$(inherited) @executable_path/Frameworks @loader_path/Frameworks";
				PRODUCT_BUNDLE_IDENTIFIER = com.hippware.rnchat.ChatUITests;
				PRODUCT_NAME = "$(TARGET_NAME)";
				TEST_TARGET_NAME = Chat;
				USES_XCTRUNNER = YES;
			};
			name = Release;
		};
		87493F2E1C4658D60071C680 /* Debug */ = {
			isa = XCBuildConfiguration;
			buildSettings = {
				ASSETCATALOG_COMPILER_APPICON_NAME = AppIcon;
				ASSETCATALOG_COMPILER_LAUNCHIMAGE_NAME = LaunchImage;
				CODE_SIGN_IDENTITY = "iPhone Developer";
				CURRENT_PROJECT_VERSION = 5;
				DEAD_CODE_STRIPPING = NO;
				ENABLE_BITCODE = NO;
				FRAMEWORK_SEARCH_PATHS = (
					"$(inherited)",
					"$(PROJECT_DIR)",
				);
				GCC_PREPROCESSOR_DEFINITIONS = (
					"$(inherited)",
					"LOCAL=1",
				);
				HEADER_SEARCH_PATHS = (
					"$(inherited)",
					/Applications/Xcode.app/Contents/Developer/Toolchains/XcodeDefault.xctoolchain/usr/include,
					"$(SRCROOT)/../node_modules/react-native/React/**",
					"$(SRCROOT)/../node_modules/apphub/AppHub/**",
				);
				INFOPLIST_FILE = "Chat copy-Info.plist";
				LD_RUNPATH_SEARCH_PATHS = "$(inherited) @executable_path/Frameworks";
				OTHER_LDFLAGS = "-ObjC";
				PRODUCT_BUNDLE_IDENTIFIER = com.hippware.ios.Chat;
				PRODUCT_NAME = tinyrobot;
				PROVISIONING_PROFILE = "";
				VERSIONING_SYSTEM = "apple-generic";
			};
			name = Debug;
		};
		87493F2F1C4658D60071C680 /* Release */ = {
			isa = XCBuildConfiguration;
			buildSettings = {
				ASSETCATALOG_COMPILER_APPICON_NAME = AppIcon;
				ASSETCATALOG_COMPILER_LAUNCHIMAGE_NAME = LaunchImage;
				CODE_SIGN_IDENTITY = "iPhone Distribution";
				CURRENT_PROJECT_VERSION = 5;
				ENABLE_BITCODE = NO;
				FRAMEWORK_SEARCH_PATHS = (
					"$(inherited)",
					"$(PROJECT_DIR)",
				);
				GCC_PREPROCESSOR_DEFINITIONS = "LOCAL=1";
				HEADER_SEARCH_PATHS = (
					"$(inherited)",
					/Applications/Xcode.app/Contents/Developer/Toolchains/XcodeDefault.xctoolchain/usr/include,
					"$(SRCROOT)/../node_modules/react-native/React/**",
					"$(SRCROOT)/../node_modules/apphub/AppHub/**",
				);
				INFOPLIST_FILE = "Chat copy-Info.plist";
				LD_RUNPATH_SEARCH_PATHS = "$(inherited) @executable_path/Frameworks";
				OTHER_LDFLAGS = "-ObjC";
				PRODUCT_BUNDLE_IDENTIFIER = com.hippware.ios.Chat;
				PRODUCT_NAME = tinyrobot;
				PROVISIONING_PROFILE = "";
				VERSIONING_SYSTEM = "apple-generic";
			};
			name = Release;
		};
/* End XCBuildConfiguration section */

/* Begin XCConfigurationList section */
		13B07F931A680F5B00A75B9A /* Build configuration list for PBXNativeTarget "Chat" */ = {
			isa = XCConfigurationList;
			buildConfigurations = (
				13B07F941A680F5B00A75B9A /* Debug */,
				13B07F951A680F5B00A75B9A /* Release */,
			);
			defaultConfigurationIsVisible = 0;
			defaultConfigurationName = Release;
		};
		83CBB9FA1A601CBA00E9B192 /* Build configuration list for PBXProject "Chat" */ = {
			isa = XCConfigurationList;
			buildConfigurations = (
				83CBBA201A601CBA00E9B192 /* Debug */,
				83CBBA211A601CBA00E9B192 /* Release */,
			);
			defaultConfigurationIsVisible = 0;
			defaultConfigurationName = Release;
		};
		87349FC21C514C1B00D33736 /* Build configuration list for PBXNativeTarget "ChatUITests" */ = {
			isa = XCConfigurationList;
			buildConfigurations = (
				87349FC31C514C1B00D33736 /* Debug */,
				87349FC41C514C1B00D33736 /* Release */,
			);
			defaultConfigurationIsVisible = 0;
			defaultConfigurationName = Release;
		};
		87493F2D1C4658D60071C680 /* Build configuration list for PBXNativeTarget "Chat Local" */ = {
			isa = XCConfigurationList;
			buildConfigurations = (
				87493F2E1C4658D60071C680 /* Debug */,
				87493F2F1C4658D60071C680 /* Release */,
			);
			defaultConfigurationIsVisible = 0;
			defaultConfigurationName = Release;
		};
/* End XCConfigurationList section */
	};
	rootObject = 83CBB9F71A601CBA00E9B192 /* Project object */;
}
