PODS:
  - CocoaAsyncSocket (7.5.1):
    - CocoaAsyncSocket/GCD (= 7.5.1)
  - CocoaAsyncSocket/GCD (7.5.1)
  - CocoaLumberjack (3.2.0):
    - CocoaLumberjack/Default (= 3.2.0)
    - CocoaLumberjack/Extensions (= 3.2.0)
  - CocoaLumberjack/Default (3.2.0)
  - CocoaLumberjack/Extensions (3.2.0):
    - CocoaLumberjack/Default
  - CodePush (2.0.3):
    - CodePush/Core (= 2.0.3)
    - CodePush/SSZipArchive (= 2.0.3)
    - React
  - CodePush/Core (2.0.3):
    - React
  - CodePush/SSZipArchive (2.0.3):
    - React
  - KissXML (5.1.2):
    - KissXML/Core (= 5.1.2)
  - KissXML/Core (5.1.2)
  - Mixpanel (3.1.4)
  - QBImagePickerController (3.4.0)
  - RCTMapboxGL (5.1.0)
  - React (0.46.4):
    - React/Core (= 0.46.4)
  - react-native-blur (0.8.0):
    - React
  - react-native-camera (1.0.0-alpha1):
    - React
  - react-native-mixpanel (0.0.6):
    - Mixpanel
    - React
  - React/BatchedBridge (0.46.4):
    - React/Core
    - React/cxxreact_legacy
  - React/Core (0.46.4):
    - Yoga (= 0.46.4.React)
  - React/cxxreact_legacy (0.46.4):
    - React/jschelpers_legacy
  - React/jschelpers_legacy (0.46.4)
  - RNBackgroundFetch (2.0.8):
    - React
  - RNBackgroundGeolocation (2.8.4):
    - CocoaLumberjack (~> 3.0)
    - React
  - RNXMPP (0.5.9):
    - React
    - XMPPFramework
  - RSKImageCropper (1.6.1)
  - XMPPFramework (3.7.3):
    - XMPPFramework/All (= 3.7.3)
  - XMPPFramework/All (3.7.3):
    - XMPPFramework/BandwidthMonitor
    - XMPPFramework/Core
    - XMPPFramework/CoreDataStorage
    - XMPPFramework/FileTransfer
    - XMPPFramework/GoogleSharedStatus
    - XMPPFramework/ProcessOne
    - XMPPFramework/Reconnect
    - XMPPFramework/Roster
    - XMPPFramework/SystemInputActivityMonitor
    - XMPPFramework/XEP-0009
    - XMPPFramework/XEP-0012
    - XMPPFramework/XEP-0016
    - XMPPFramework/XEP-0045
    - XMPPFramework/XEP-0054
    - XMPPFramework/XEP-0059
    - XMPPFramework/XEP-0060
    - XMPPFramework/XEP-0065
    - XMPPFramework/XEP-0066
    - XMPPFramework/XEP-0077
    - XMPPFramework/XEP-0082
    - XMPPFramework/XEP-0085
    - XMPPFramework/XEP-0092
    - XMPPFramework/XEP-0100
    - XMPPFramework/XEP-0106
    - XMPPFramework/XEP-0115
    - XMPPFramework/XEP-0136
    - XMPPFramework/XEP-0147
    - XMPPFramework/XEP-0153
    - XMPPFramework/XEP-0172
    - XMPPFramework/XEP-0184
    - XMPPFramework/XEP-0191
    - XMPPFramework/XEP-0198
    - XMPPFramework/XEP-0199
    - XMPPFramework/XEP-0202
    - XMPPFramework/XEP-0203
    - XMPPFramework/XEP-0223
    - XMPPFramework/XEP-0224
    - XMPPFramework/XEP-0280
    - XMPPFramework/XEP-0297
    - XMPPFramework/XEP-0308
    - XMPPFramework/XEP-0313
    - XMPPFramework/XEP-0333
    - XMPPFramework/XEP-0334
    - XMPPFramework/XEP-0335
    - XMPPFramework/XEP-0352
    - XMPPFramework/XEP-0357
    - XMPPFramework/XEP-0363
    - XMPPFramework/XMPPMUCLight
  - XMPPFramework/BandwidthMonitor (3.7.3):
    - XMPPFramework/Core
  - XMPPFramework/Core (3.7.3):
    - CocoaAsyncSocket (~> 7.5.0)
    - CocoaLumberjack (~> 3.0)
    - KissXML (~> 5.1.2)
  - XMPPFramework/CoreDataStorage (3.7.3):
    - XMPPFramework/Core
  - XMPPFramework/FileTransfer (3.7.3):
    - XMPPFramework/Core
  - XMPPFramework/GoogleSharedStatus (3.7.3):
    - XMPPFramework/Core
  - XMPPFramework/ProcessOne (3.7.3):
    - XMPPFramework/Core
  - XMPPFramework/Reconnect (3.7.3):
    - XMPPFramework/Core
  - XMPPFramework/Roster (3.7.3):
    - XMPPFramework/Core
    - XMPPFramework/CoreDataStorage
  - XMPPFramework/XEP-0009 (3.7.3):
    - XMPPFramework/Core
  - XMPPFramework/XEP-0012 (3.7.3):
    - XMPPFramework/Core
  - XMPPFramework/XEP-0016 (3.7.3):
    - XMPPFramework/Core
  - XMPPFramework/XEP-0045 (3.7.3):
    - XMPPFramework/Core
    - XMPPFramework/CoreDataStorage
    - XMPPFramework/XEP-0203
  - XMPPFramework/XEP-0054 (3.7.3):
    - XMPPFramework/Core
    - XMPPFramework/Roster
  - XMPPFramework/XEP-0059 (3.7.3):
    - XMPPFramework/Core
  - XMPPFramework/XEP-0060 (3.7.3):
    - XMPPFramework/Core
  - XMPPFramework/XEP-0065 (3.7.3):
    - XMPPFramework/Core
  - XMPPFramework/XEP-0066 (3.7.3):
    - XMPPFramework/Core
  - XMPPFramework/XEP-0077 (3.7.3):
    - XMPPFramework/Core
  - XMPPFramework/XEP-0082 (3.7.3):
    - XMPPFramework/Core
  - XMPPFramework/XEP-0085 (3.7.3):
    - XMPPFramework/Core
  - XMPPFramework/XEP-0092 (3.7.3):
    - XMPPFramework/Core
  - XMPPFramework/XEP-0100 (3.7.3):
    - XMPPFramework/Core
  - XMPPFramework/XEP-0106 (3.7.3):
    - XMPPFramework/Core
  - XMPPFramework/XEP-0115 (3.7.3):
    - XMPPFramework/Core
    - XMPPFramework/CoreDataStorage
  - XMPPFramework/XEP-0136 (3.7.3):
    - XMPPFramework/CoreDataStorage
    - XMPPFramework/XEP-0085
    - XMPPFramework/XEP-0203
  - XMPPFramework/XEP-0147 (3.7.3):
    - XMPPFramework/Core
  - XMPPFramework/XEP-0153 (3.7.3):
    - XMPPFramework/Core
    - XMPPFramework/XEP-0054
  - XMPPFramework/XEP-0172 (3.7.3):
    - XMPPFramework/Core
  - XMPPFramework/XEP-0184 (3.7.3):
    - XMPPFramework/Core
  - XMPPFramework/XEP-0191 (3.7.3):
    - XMPPFramework/Core
  - XMPPFramework/XEP-0198 (3.7.3):
    - XMPPFramework/Core
  - XMPPFramework/XEP-0199 (3.7.3):
    - XMPPFramework/Core
  - XMPPFramework/XEP-0202 (3.7.3):
    - XMPPFramework/Core
    - XMPPFramework/XEP-0082
  - XMPPFramework/XEP-0203 (3.7.3):
    - XMPPFramework/Core
    - XMPPFramework/XEP-0082
  - XMPPFramework/XEP-0223 (3.7.3):
    - XMPPFramework/Core
  - XMPPFramework/XEP-0224 (3.7.3):
    - XMPPFramework/Core
  - XMPPFramework/XEP-0280 (3.7.3):
    - XMPPFramework/Core
  - XMPPFramework/XEP-0297 (3.7.3):
    - XMPPFramework/Core
    - XMPPFramework/XEP-0203
  - XMPPFramework/XEP-0308 (3.7.3):
    - XMPPFramework/Core
  - XMPPFramework/XEP-0313 (3.7.3):
    - XMPPFramework/Core
    - XMPPFramework/XEP-0059
  - XMPPFramework/XEP-0333 (3.7.3):
    - XMPPFramework/Core
  - XMPPFramework/XEP-0334 (3.7.3):
    - XMPPFramework/Core
  - XMPPFramework/XEP-0335 (3.7.3):
    - XMPPFramework/Core
  - XMPPFramework/XEP-0352 (3.7.3):
    - XMPPFramework/Core
  - XMPPFramework/XEP-0357 (3.7.3):
    - XMPPFramework/Core
  - XMPPFramework/XEP-0363 (3.7.3):
    - XMPPFramework/Core
  - XMPPFramework/XMPPMUCLight (3.7.3):
    - XMPPFramework/Core
    - XMPPFramework/CoreDataStorage
    - XMPPFramework/XEP-0203
  - Yoga (0.46.4.React)

DEPENDENCIES:
  - CodePush (from `../node_modules/react-native-code-push`)
  - QBImagePickerController
  - RCTMapboxGL (from `../node_modules/react-native-mapbox-gl/ios`)
  - react-native-blur (from `../node_modules/react-native-blur`)
  - react-native-camera (from `../node_modules/react-native-camera`)
  - react-native-mixpanel (from `../node_modules/react-native-mixpanel`)
  - React/BatchedBridge (from `../node_modules/react-native`)
  - RNBackgroundFetch (from `../node_modules/react-native-background-fetch`)
  - RNBackgroundGeolocation (from `../node_modules/react-native-background-geolocation`)
  - RNXMPP (from `../node_modules/react-native-xmpp`)
  - RSKImageCropper
  - XMPPFramework (from `https://github.com/aksonov/XMPPFramework.git`, branch `3.7.3`)
  - Yoga (from `../node_modules/react-native/ReactCommon/yoga`)

EXTERNAL SOURCES:
  CodePush:
    :path: ../node_modules/react-native-code-push
  RCTMapboxGL:
    :path: ../node_modules/react-native-mapbox-gl/ios
  React:
    :path: ../node_modules/react-native
  react-native-blur:
    :path: ../node_modules/react-native-blur
  react-native-camera:
    :path: ../node_modules/react-native-camera
  react-native-mixpanel:
    :path: ../node_modules/react-native-mixpanel
  RNBackgroundFetch:
    :path: ../node_modules/react-native-background-fetch
  RNBackgroundGeolocation:
    :path: ../node_modules/react-native-background-geolocation
  RNXMPP:
    :path: ../node_modules/react-native-xmpp
  XMPPFramework:
    :branch: 3.7.3
    :git: https://github.com/aksonov/XMPPFramework.git
  Yoga:
    :path: ../node_modules/react-native/ReactCommon/yoga

CHECKOUT OPTIONS:
  XMPPFramework:
    :commit: d2b0cd1ef93a93d5ff0a460bfc39582501485b47
    :git: https://github.com/aksonov/XMPPFramework.git

SPEC CHECKSUMS:
  CocoaAsyncSocket: e0a7e93b2ffa411592ff87e58524fbbc9b95b4fa
  CocoaLumberjack: 9b4aed7073d242f29cc2f62068d995faf67f703a
  CodePush: 351e03bb2c91fc1d037e0f627ce72224c4598360
  KissXML: 246c842586bb77110e04fb88e19376d96245c856
  Mixpanel: 4b8e81c1d887d31bf72692a5f94d3e50019fce01
  QBImagePickerController: d54cf93db6decf26baf6ed3472f336ef35cae022
  RCTMapboxGL: 6c6ad6452df4ceb53609b90c53bf50fd3d4c884d
  React: 596d8774642d10fea20b1f24cc591fcf633f73ad
  react-native-blur: c4b80329b7ef2a8b9c574f73b798b3178c69ff48
  react-native-camera: 2198e98ef9823fd370dbfd4ce6a4c67a0d16d852
  react-native-mixpanel: bdb451e8455940a12fdd157c2146a68c5f80310d
  RNBackgroundFetch: 71dd37d69a0f0a173b4aafd65e7169e7dd96946a
  RNBackgroundGeolocation: 50fb909e72243dc0b95bda9e9905f3ab687affd6
  RNXMPP: d92a6732c9871df4cadde97d1a9e20c4d8f3eabc
  RSKImageCropper: 0df8c99e77a8ea7ca7a8b83ef468556f31584254
  XMPPFramework: 33711972bcf3afd661b1f85e963d876bce869fbc
  Yoga: 98e24da91afe33bb43fedaf27dafede269c04fe8

PODFILE CHECKSUM: ea658a7e7d61c7f378f323989a327f797b33a18a

COCOAPODS: 1.2.1
