PODS:
  - CocoaAsyncSocket (7.5.1):
    - CocoaAsyncSocket/GCD (= 7.5.1)
  - CocoaAsyncSocket/GCD (7.5.1)
  - CocoaLumberjack (3.2.1):
    - CocoaLumberjack/Default (= 3.2.1)
    - CocoaLumberjack/Extensions (= 3.2.1)
  - CocoaLumberjack/Default (3.2.1)
  - CocoaLumberjack/Extensions (3.2.1):
    - CocoaLumberjack/Default
  - CodePush (5.0.0):
    - CodePush/Core (= 5.0.0)
    - CodePush/SSZipArchive (= 5.0.0)
    - React
  - CodePush/Core (5.0.0):
    - React
  - CodePush/SSZipArchive (5.0.0):
    - React
  - Firebase/Auth (4.0.4):
    - Firebase/Core
    - FirebaseAuth (= 4.0.0)
  - Firebase/Core (4.0.4):
    - FirebaseAnalytics (= 4.0.2)
    - FirebaseCore (= 4.0.4)
  - Firebase/Messaging (4.0.4):
    - Firebase/Core
    - FirebaseMessaging (= 2.0.0)
  - FirebaseAnalytics (4.0.2):
    - FirebaseCore (~> 4.0)
    - FirebaseInstanceID (~> 2.0)
    - GoogleToolboxForMac/NSData+zlib (~> 2.1)
  - FirebaseAuth (4.0.0):
    - FirebaseAnalytics (~> 4.0)
    - GoogleToolboxForMac/NSDictionary+URLArguments (~> 2.1)
    - GTMSessionFetcher/Core (~> 1.1)
  - FirebaseCore (4.0.4):
    - GoogleToolboxForMac/NSData+zlib (~> 2.1)
    - nanopb (~> 0.3)
  - FirebaseInstanceID (2.0.2):
    - FirebaseCore (~> 4.0)
  - FirebaseMessaging (2.0.0):
    - FirebaseAnalytics (~> 4.0)
    - FirebaseCore (~> 4.0)
    - FirebaseInstanceID (~> 2.0)
    - GoogleToolboxForMac/Logger (~> 2.1)
    - Protobuf (~> 3.1)
  - GoogleToolboxForMac/DebugUtils (2.1.1):
    - GoogleToolboxForMac/Defines (= 2.1.1)
  - GoogleToolboxForMac/Defines (2.1.1)
  - GoogleToolboxForMac/Logger (2.1.1):
    - GoogleToolboxForMac/Defines (= 2.1.1)
  - GoogleToolboxForMac/NSData+zlib (2.1.1):
    - GoogleToolboxForMac/Defines (= 2.1.1)
  - GoogleToolboxForMac/NSDictionary+URLArguments (2.1.1):
    - GoogleToolboxForMac/DebugUtils (= 2.1.1)
    - GoogleToolboxForMac/Defines (= 2.1.1)
    - GoogleToolboxForMac/NSString+URLArguments (= 2.1.1)
  - GoogleToolboxForMac/NSString+URLArguments (2.1.1)
  - GTMSessionFetcher/Core (1.1.11)
  - KissXML (5.1.2):
    - KissXML/Core (= 5.1.2)
  - KissXML/Core (5.1.2)
  - Mixpanel (3.1.9)
  - nanopb (0.3.8):
    - nanopb/decode (= 0.3.8)
    - nanopb/encode (= 0.3.8)
  - nanopb/decode (0.3.8)
  - nanopb/encode (0.3.8)
  - Protobuf (3.4.0)
  - QBImagePickerController (3.4.0)
  - RCTMapboxGL (5.1.0)
  - React (0.47.2):
    - React/Core (= 0.47.2)
  - react-native-blur (0.8.0):
    - React
  - react-native-mixpanel (0.0.6):
    - Mixpanel
    - React
  - React/BatchedBridge (0.47.2):
    - React/Core
    - React/cxxreact_legacy
  - React/Core (0.47.2):
    - Yoga (= 0.47.2.React)
  - React/cxxreact_legacy (0.47.2):
    - React/jschelpers_legacy
  - React/jschelpers_legacy (0.47.2)
  - RNBackgroundFetch (2.1.0):
    - React
  - RNBackgroundGeolocation (2.9.3):
    - CocoaLumberjack (~> 3.0)
    - React
  - RNFirebase (3.0.0-alpha.5):
    - React
  - RNXMPP (0.5.11):
    - React
    - XMPPFramework
  - RSKImageCropper (1.6.3)
  - XMPPFramework (3.7.3):
    - XMPPFramework/All (= 3.7.3)
  - XMPPFramework/All (3.7.3):
    - XMPPFramework/BandwidthMonitor
    - XMPPFramework/Core
    - XMPPFramework/CoreDataStorage
    - XMPPFramework/FileTransfer
    - XMPPFramework/GoogleSharedStatus
    - XMPPFramework/ProcessOne
    - XMPPFramework/Reconnect
    - XMPPFramework/Roster
    - XMPPFramework/SystemInputActivityMonitor
    - XMPPFramework/XEP-0009
    - XMPPFramework/XEP-0012
    - XMPPFramework/XEP-0016
    - XMPPFramework/XEP-0045
    - XMPPFramework/XEP-0054
    - XMPPFramework/XEP-0059
    - XMPPFramework/XEP-0060
    - XMPPFramework/XEP-0065
    - XMPPFramework/XEP-0066
    - XMPPFramework/XEP-0077
    - XMPPFramework/XEP-0082
    - XMPPFramework/XEP-0085
    - XMPPFramework/XEP-0092
    - XMPPFramework/XEP-0100
    - XMPPFramework/XEP-0106
    - XMPPFramework/XEP-0115
    - XMPPFramework/XEP-0136
    - XMPPFramework/XEP-0147
    - XMPPFramework/XEP-0153
    - XMPPFramework/XEP-0172
    - XMPPFramework/XEP-0184
    - XMPPFramework/XEP-0191
    - XMPPFramework/XEP-0198
    - XMPPFramework/XEP-0199
    - XMPPFramework/XEP-0202
    - XMPPFramework/XEP-0203
    - XMPPFramework/XEP-0223
    - XMPPFramework/XEP-0224
    - XMPPFramework/XEP-0280
    - XMPPFramework/XEP-0297
    - XMPPFramework/XEP-0308
    - XMPPFramework/XEP-0313
    - XMPPFramework/XEP-0333
    - XMPPFramework/XEP-0334
    - XMPPFramework/XEP-0335
    - XMPPFramework/XEP-0352
    - XMPPFramework/XEP-0357
    - XMPPFramework/XEP-0363
    - XMPPFramework/XMPPMUCLight
  - XMPPFramework/BandwidthMonitor (3.7.3):
    - XMPPFramework/Core
  - XMPPFramework/Core (3.7.3):
    - CocoaAsyncSocket (~> 7.5.0)
    - CocoaLumberjack (~> 3.0)
    - KissXML (~> 5.1.2)
  - XMPPFramework/CoreDataStorage (3.7.3):
    - XMPPFramework/Core
  - XMPPFramework/FileTransfer (3.7.3):
    - XMPPFramework/Core
  - XMPPFramework/GoogleSharedStatus (3.7.3):
    - XMPPFramework/Core
  - XMPPFramework/ProcessOne (3.7.3):
    - XMPPFramework/Core
  - XMPPFramework/Reconnect (3.7.3):
    - XMPPFramework/Core
  - XMPPFramework/Roster (3.7.3):
    - XMPPFramework/Core
    - XMPPFramework/CoreDataStorage
  - XMPPFramework/XEP-0009 (3.7.3):
    - XMPPFramework/Core
  - XMPPFramework/XEP-0012 (3.7.3):
    - XMPPFramework/Core
  - XMPPFramework/XEP-0016 (3.7.3):
    - XMPPFramework/Core
  - XMPPFramework/XEP-0045 (3.7.3):
    - XMPPFramework/Core
    - XMPPFramework/CoreDataStorage
    - XMPPFramework/XEP-0203
  - XMPPFramework/XEP-0054 (3.7.3):
    - XMPPFramework/Core
    - XMPPFramework/Roster
  - XMPPFramework/XEP-0059 (3.7.3):
    - XMPPFramework/Core
  - XMPPFramework/XEP-0060 (3.7.3):
    - XMPPFramework/Core
  - XMPPFramework/XEP-0065 (3.7.3):
    - XMPPFramework/Core
  - XMPPFramework/XEP-0066 (3.7.3):
    - XMPPFramework/Core
  - XMPPFramework/XEP-0077 (3.7.3):
    - XMPPFramework/Core
  - XMPPFramework/XEP-0082 (3.7.3):
    - XMPPFramework/Core
  - XMPPFramework/XEP-0085 (3.7.3):
    - XMPPFramework/Core
  - XMPPFramework/XEP-0092 (3.7.3):
    - XMPPFramework/Core
  - XMPPFramework/XEP-0100 (3.7.3):
    - XMPPFramework/Core
  - XMPPFramework/XEP-0106 (3.7.3):
    - XMPPFramework/Core
  - XMPPFramework/XEP-0115 (3.7.3):
    - XMPPFramework/Core
    - XMPPFramework/CoreDataStorage
  - XMPPFramework/XEP-0136 (3.7.3):
    - XMPPFramework/CoreDataStorage
    - XMPPFramework/XEP-0085
    - XMPPFramework/XEP-0203
  - XMPPFramework/XEP-0147 (3.7.3):
    - XMPPFramework/Core
  - XMPPFramework/XEP-0153 (3.7.3):
    - XMPPFramework/Core
    - XMPPFramework/XEP-0054
  - XMPPFramework/XEP-0172 (3.7.3):
    - XMPPFramework/Core
  - XMPPFramework/XEP-0184 (3.7.3):
    - XMPPFramework/Core
  - XMPPFramework/XEP-0191 (3.7.3):
    - XMPPFramework/Core
  - XMPPFramework/XEP-0198 (3.7.3):
    - XMPPFramework/Core
  - XMPPFramework/XEP-0199 (3.7.3):
    - XMPPFramework/Core
  - XMPPFramework/XEP-0202 (3.7.3):
    - XMPPFramework/Core
    - XMPPFramework/XEP-0082
  - XMPPFramework/XEP-0203 (3.7.3):
    - XMPPFramework/Core
    - XMPPFramework/XEP-0082
  - XMPPFramework/XEP-0223 (3.7.3):
    - XMPPFramework/Core
  - XMPPFramework/XEP-0224 (3.7.3):
    - XMPPFramework/Core
  - XMPPFramework/XEP-0280 (3.7.3):
    - XMPPFramework/Core
  - XMPPFramework/XEP-0297 (3.7.3):
    - XMPPFramework/Core
    - XMPPFramework/XEP-0203
  - XMPPFramework/XEP-0308 (3.7.3):
    - XMPPFramework/Core
  - XMPPFramework/XEP-0313 (3.7.3):
    - XMPPFramework/Core
    - XMPPFramework/XEP-0059
  - XMPPFramework/XEP-0333 (3.7.3):
    - XMPPFramework/Core
  - XMPPFramework/XEP-0334 (3.7.3):
    - XMPPFramework/Core
  - XMPPFramework/XEP-0335 (3.7.3):
    - XMPPFramework/Core
  - XMPPFramework/XEP-0352 (3.7.3):
    - XMPPFramework/Core
  - XMPPFramework/XEP-0357 (3.7.3):
    - XMPPFramework/Core
  - XMPPFramework/XEP-0363 (3.7.3):
    - XMPPFramework/Core
  - XMPPFramework/XMPPMUCLight (3.7.3):
    - XMPPFramework/Core
    - XMPPFramework/CoreDataStorage
    - XMPPFramework/XEP-0203
  - Yoga (0.47.2.React)

DEPENDENCIES:
  - CodePush (from `../node_modules/react-native-code-push`)
  - Firebase/Auth
  - Firebase/Core
  - Firebase/Messaging
  - QBImagePickerController
  - RCTMapboxGL (from `../node_modules/react-native-mapbox-gl/ios`)
  - react-native-blur (from `../node_modules/react-native-blur`)
  - react-native-mixpanel (from `../node_modules/react-native-mixpanel`)
  - React/BatchedBridge (from `../node_modules/react-native`)
  - React/Core (from `../node_modules/react-native`)
  - RNBackgroundFetch (from `../node_modules/react-native-background-fetch`)
  - RNBackgroundGeolocation (from `../node_modules/react-native-background-geolocation`)
  - RNFirebase (from `../node_modules/react-native-firebase`)
  - RNXMPP (from `../node_modules/react-native-xmpp`)
  - RSKImageCropper
  - XMPPFramework (from `https://github.com/aksonov/XMPPFramework.git`, branch `3.7.3`)
  - Yoga (from `../node_modules/react-native/ReactCommon/yoga`)

EXTERNAL SOURCES:
  CodePush:
    :path: ../node_modules/react-native-code-push
  RCTMapboxGL:
    :path: ../node_modules/react-native-mapbox-gl/ios
  React:
    :path: ../node_modules/react-native
  react-native-blur:
    :path: ../node_modules/react-native-blur
  react-native-mixpanel:
    :path: ../node_modules/react-native-mixpanel
  RNBackgroundFetch:
    :path: ../node_modules/react-native-background-fetch
  RNBackgroundGeolocation:
    :path: ../node_modules/react-native-background-geolocation
  RNFirebase:
    :path: ../node_modules/react-native-firebase
  RNXMPP:
    :path: ../node_modules/react-native-xmpp
  XMPPFramework:
    :branch: 3.7.3
    :git: https://github.com/aksonov/XMPPFramework.git
  Yoga:
    :path: ../node_modules/react-native/ReactCommon/yoga

CHECKOUT OPTIONS:
  XMPPFramework:
    :commit: d2b0cd1ef93a93d5ff0a460bfc39582501485b47
    :git: https://github.com/aksonov/XMPPFramework.git

SPEC CHECKSUMS:
  CocoaAsyncSocket: e0a7e93b2ffa411592ff87e58524fbbc9b95b4fa
  CocoaLumberjack: 2800c03334042fe80589423c8d80e582dcaec482
  CodePush: 089e3da41b5040ba0ef89aa5d485f720ee4d5862
  Firebase: 1492bf04e1b73a7353b4fb2cf5a20bac9692f341
  FirebaseAnalytics: ad41720e3e67fc63fbe3d2948d3e26932a8de311
  FirebaseAuth: ebb6abcbabae00fc47446d690c19ce68d8484fde
  FirebaseCore: cfc042628ef9f20debe09c0eb683135fcd404cb4
  FirebaseInstanceID: c4c7fca62c7b7330caee5da04f19a37ea37bb1c1
  FirebaseMessaging: 227406c05b0dc9290702d2e9f18ab5528f0c2cf2
  GoogleToolboxForMac: 8e329f1b599f2512c6b10676d45736bcc2cbbeb0
  GTMSessionFetcher: 5ad62e8200fa00ed011fe5e08d27fef72c5b1429
  KissXML: 246c842586bb77110e04fb88e19376d96245c856
  Mixpanel: 57923411aec1a1c7926efbb158f0bbd4460803fa
  nanopb: 5601e6bca2dbf1ed831b519092ec110f66982ca3
  Protobuf: 03eef2ee0b674770735cf79d9c4d3659cf6908e8
  QBImagePickerController: d54cf93db6decf26baf6ed3472f336ef35cae022
  RCTMapboxGL: 6c6ad6452df4ceb53609b90c53bf50fd3d4c884d
  React: fbe1a006550fb55871cb377ba7741f5d1cfff733
  react-native-blur: c4b80329b7ef2a8b9c574f73b798b3178c69ff48
  react-native-mixpanel: bdb451e8455940a12fdd157c2146a68c5f80310d
  RNBackgroundFetch: 9d0b2e9640d4cb591892cb359838b0cb6210aebf
  RNBackgroundGeolocation: b918262fe67098c0ceb1340b9e93cc3dbae310c0
  RNFirebase: 60be8c01b94551a12e7be5431189e8ee8cefcdd3
  RNXMPP: 9e4bd3a971b0d3df9900fe2a33180058cb390410
  RSKImageCropper: 356e36fc58c57c371b5d8b23d603936d6a73df6c
  XMPPFramework: 33711972bcf3afd661b1f85e963d876bce869fbc
  Yoga: ff8531e8cf9f7ec92a75dd44286a68c4a084c507

PODFILE CHECKSUM: 559f525254922dfbde9822a57b7722007ea4b6c6

COCOAPODS: 1.3.1
