PODS:
  - CocoaAsyncSocket (7.5.1):
    - CocoaAsyncSocket/GCD (= 7.5.1)
  - CocoaAsyncSocket/GCD (7.5.1)
  - CocoaLumberjack (3.0.0):
    - CocoaLumberjack/Default (= 3.0.0)
    - CocoaLumberjack/Extensions (= 3.0.0)
  - CocoaLumberjack/Core (3.0.0)
  - CocoaLumberjack/Default (3.0.0):
    - CocoaLumberjack/Core
  - CocoaLumberjack/Extensions (3.0.0):
    - CocoaLumberjack/Default
  - CodePush (1.17.4):
    - CodePush/Core (= 1.17.4)
    - CodePush/SSZipArchive (= 1.17.4)
    - React
  - CodePush/Core (1.17.4):
    - React
  - CodePush/SSZipArchive (1.17.4):
    - React
  - KissXML (5.1.2):
    - KissXML/Core (= 5.1.2)
  - KissXML/Core (5.1.2)
  - Mixpanel (3.0.9):
    - Mixpanel/Mixpanel (= 3.0.9)
  - Mixpanel/Mixpanel (3.0.9)
  - RCTMapboxGL (5.1.0)
  - React (0.41.2):
    - React/Core (= 0.41.2)
  - react-native-camera (1.0.0-alpha1):
    - React
  - react-native-mixpanel (0.0.6):
    - Mixpanel
    - React
  - React/Core (0.41.2):
    - React/cxxreact
    - React/yoga
  - React/cxxreact (0.41.2):
    - React/jschelpers
  - React/jschelpers (0.41.2)
  - React/yoga (0.41.2)
  - RNXMPP (0.5.7):
    - React
    - XMPPFramework
  - XMPPFramework (3.7.3):
    - XMPPFramework/All (= 3.7.3)
  - XMPPFramework/All (3.7.3):
    - XMPPFramework/BandwidthMonitor
    - XMPPFramework/Core
    - XMPPFramework/CoreDataStorage
    - XMPPFramework/FileTransfer
    - XMPPFramework/GoogleSharedStatus
    - XMPPFramework/ProcessOne
    - XMPPFramework/Reconnect
    - XMPPFramework/Roster
    - XMPPFramework/SystemInputActivityMonitor
    - XMPPFramework/XEP-0009
    - XMPPFramework/XEP-0012
    - XMPPFramework/XEP-0016
    - XMPPFramework/XEP-0045
    - XMPPFramework/XEP-0054
    - XMPPFramework/XEP-0059
    - XMPPFramework/XEP-0060
    - XMPPFramework/XEP-0065
    - XMPPFramework/XEP-0066
    - XMPPFramework/XEP-0077
    - XMPPFramework/XEP-0082
    - XMPPFramework/XEP-0085
    - XMPPFramework/XEP-0092
    - XMPPFramework/XEP-0100
    - XMPPFramework/XEP-0106
    - XMPPFramework/XEP-0115
    - XMPPFramework/XEP-0136
    - XMPPFramework/XEP-0147
    - XMPPFramework/XEP-0153
    - XMPPFramework/XEP-0172
    - XMPPFramework/XEP-0184
    - XMPPFramework/XEP-0191
    - XMPPFramework/XEP-0198
    - XMPPFramework/XEP-0199
    - XMPPFramework/XEP-0202
    - XMPPFramework/XEP-0203
    - XMPPFramework/XEP-0223
    - XMPPFramework/XEP-0224
    - XMPPFramework/XEP-0280
    - XMPPFramework/XEP-0297
    - XMPPFramework/XEP-0308
    - XMPPFramework/XEP-0313
    - XMPPFramework/XEP-0333
    - XMPPFramework/XEP-0334
    - XMPPFramework/XEP-0335
    - XMPPFramework/XEP-0352
    - XMPPFramework/XEP-0357
    - XMPPFramework/XEP-0363
    - XMPPFramework/XMPPMUCLight
  - XMPPFramework/BandwidthMonitor (3.7.3):
    - XMPPFramework/Core
  - XMPPFramework/Core (3.7.3):
    - CocoaAsyncSocket (~> 7.5.0)
    - CocoaLumberjack (~> 3.0)
    - KissXML (~> 5.1.2)
  - XMPPFramework/CoreDataStorage (3.7.3):
    - XMPPFramework/Core
  - XMPPFramework/FileTransfer (3.7.3):
    - XMPPFramework/Core
  - XMPPFramework/GoogleSharedStatus (3.7.3):
    - XMPPFramework/Core
  - XMPPFramework/ProcessOne (3.7.3):
    - XMPPFramework/Core
  - XMPPFramework/Reconnect (3.7.3):
    - XMPPFramework/Core
  - XMPPFramework/Roster (3.7.3):
    - XMPPFramework/Core
    - XMPPFramework/CoreDataStorage
  - XMPPFramework/XEP-0009 (3.7.3):
    - XMPPFramework/Core
  - XMPPFramework/XEP-0012 (3.7.3):
    - XMPPFramework/Core
  - XMPPFramework/XEP-0016 (3.7.3):
    - XMPPFramework/Core
  - XMPPFramework/XEP-0045 (3.7.3):
    - XMPPFramework/Core
    - XMPPFramework/CoreDataStorage
    - XMPPFramework/XEP-0203
  - XMPPFramework/XEP-0054 (3.7.3):
    - XMPPFramework/Core
    - XMPPFramework/Roster
  - XMPPFramework/XEP-0059 (3.7.3):
    - XMPPFramework/Core
  - XMPPFramework/XEP-0060 (3.7.3):
    - XMPPFramework/Core
  - XMPPFramework/XEP-0065 (3.7.3):
    - XMPPFramework/Core
  - XMPPFramework/XEP-0066 (3.7.3):
    - XMPPFramework/Core
  - XMPPFramework/XEP-0077 (3.7.3):
    - XMPPFramework/Core
  - XMPPFramework/XEP-0082 (3.7.3):
    - XMPPFramework/Core
  - XMPPFramework/XEP-0085 (3.7.3):
    - XMPPFramework/Core
  - XMPPFramework/XEP-0092 (3.7.3):
    - XMPPFramework/Core
  - XMPPFramework/XEP-0100 (3.7.3):
    - XMPPFramework/Core
  - XMPPFramework/XEP-0106 (3.7.3):
    - XMPPFramework/Core
  - XMPPFramework/XEP-0115 (3.7.3):
    - XMPPFramework/Core
    - XMPPFramework/CoreDataStorage
  - XMPPFramework/XEP-0136 (3.7.3):
    - XMPPFramework/CoreDataStorage
    - XMPPFramework/XEP-0085
    - XMPPFramework/XEP-0203
  - XMPPFramework/XEP-0147 (3.7.3):
    - XMPPFramework/Core
  - XMPPFramework/XEP-0153 (3.7.3):
    - XMPPFramework/Core
    - XMPPFramework/XEP-0054
  - XMPPFramework/XEP-0172 (3.7.3):
    - XMPPFramework/Core
  - XMPPFramework/XEP-0184 (3.7.3):
    - XMPPFramework/Core
  - XMPPFramework/XEP-0191 (3.7.3):
    - XMPPFramework/Core
  - XMPPFramework/XEP-0198 (3.7.3):
    - XMPPFramework/Core
  - XMPPFramework/XEP-0199 (3.7.3):
    - XMPPFramework/Core
  - XMPPFramework/XEP-0202 (3.7.3):
    - XMPPFramework/Core
    - XMPPFramework/XEP-0082
  - XMPPFramework/XEP-0203 (3.7.3):
    - XMPPFramework/Core
    - XMPPFramework/XEP-0082
  - XMPPFramework/XEP-0223 (3.7.3):
    - XMPPFramework/Core
  - XMPPFramework/XEP-0224 (3.7.3):
    - XMPPFramework/Core
  - XMPPFramework/XEP-0280 (3.7.3):
    - XMPPFramework/Core
  - XMPPFramework/XEP-0297 (3.7.3):
    - XMPPFramework/Core
    - XMPPFramework/XEP-0203
  - XMPPFramework/XEP-0308 (3.7.3):
    - XMPPFramework/Core
  - XMPPFramework/XEP-0313 (3.7.3):
    - XMPPFramework/Core
    - XMPPFramework/XEP-0059
  - XMPPFramework/XEP-0333 (3.7.3):
    - XMPPFramework/Core
  - XMPPFramework/XEP-0334 (3.7.3):
    - XMPPFramework/Core
  - XMPPFramework/XEP-0335 (3.7.3):
    - XMPPFramework/Core
  - XMPPFramework/XEP-0352 (3.7.3):
    - XMPPFramework/Core
  - XMPPFramework/XEP-0357 (3.7.3):
    - XMPPFramework/Core
  - XMPPFramework/XEP-0363 (3.7.3):
    - XMPPFramework/Core
  - XMPPFramework/XMPPMUCLight (3.7.3):
    - XMPPFramework/Core
    - XMPPFramework/CoreDataStorage
    - XMPPFramework/XEP-0203

DEPENDENCIES:
  - CodePush (from `../node_modules/react-native-code-push`)
  - RCTMapboxGL (from `../node_modules/react-native-mapbox-gl/ios`)
  - React (from `../node_modules/react-native`)
  - react-native-camera (from `../node_modules/react-native-camera`)
  - react-native-mixpanel (from `../node_modules/react-native-mixpanel`)
  - RNXMPP (from `../node_modules/react-native-xmpp`)
  - XMPPFramework (from `https://github.com/aksonov/XMPPFramework.git`, branch `3.7.3`)

EXTERNAL SOURCES:
  CodePush:
    :path: ../node_modules/react-native-code-push
  RCTMapboxGL:
    :path: ../node_modules/react-native-mapbox-gl/ios
  React:
    :path: ../node_modules/react-native
  react-native-camera:
    :path: ../node_modules/react-native-camera
  react-native-mixpanel:
    :path: ../node_modules/react-native-mixpanel
  RNXMPP:
    :path: ../node_modules/react-native-xmpp
  XMPPFramework:
    :branch: 3.7.3
    :git: https://github.com/aksonov/XMPPFramework.git

CHECKOUT OPTIONS:
  XMPPFramework:
    :commit: d2b0cd1ef93a93d5ff0a460bfc39582501485b47
    :git: https://github.com/aksonov/XMPPFramework.git

SPEC CHECKSUMS:
  CocoaAsyncSocket: e0a7e93b2ffa411592ff87e58524fbbc9b95b4fa
  CocoaLumberjack: c823149bccc5519a9447aeb433be7b1212a7d6a5
  CodePush: 72e2949e44c5008860b5573d52de8a1dc07b13f4
  KissXML: 246c842586bb77110e04fb88e19376d96245c856
  Mixpanel: 106bad33d5b9a05312316a01938f17b6baa2d99f
  RCTMapboxGL: 6c6ad6452df4ceb53609b90c53bf50fd3d4c884d
  React: 2b10c07d947dea71c144a33764e9162ed81e3825
  react-native-camera: 2198e98ef9823fd370dbfd4ce6a4c67a0d16d852
  react-native-mixpanel: bdb451e8455940a12fdd157c2146a68c5f80310d
  RNXMPP: 3842b0279f2601c23432e4fae5d73493979e9364
  XMPPFramework: 33711972bcf3afd661b1f85e963d876bce869fbc

PODFILE CHECKSUM: 7f0951111a7bfdcd03efdc3ccf7bd635f1770a6f

COCOAPODS: 1.2.0
